// !$*UTF8*$!
{
	archiveVersion = 1;
	classes = {
	};
	objectVersion = 56;
	objects = {

/* Begin PBXBuildFile section */
		00518B6330B5B3451D62832A /* OneSignalNotificationServiceExtension.appex in Embed Foundation Extensions */ = {isa = PBXBuildFile; fileRef = 8A355B73482DC90D8C876227 /* OneSignalNotificationServiceExtension.appex */; settings = {ATTRIBUTES = (RemoveHeadersOnCopy, ); }; };
		5D00428A2AFEE53E00C6AE9D /* ExyteChat in Frameworks */ = {isa = PBXBuildFile; productRef = 5D0042892AFEE53E00C6AE9D /* ExyteChat */; };
		5D0EFD2A2A2BC9E5001C1618 /* SwiftyStoreKit in Frameworks */ = {isa = PBXBuildFile; productRef = 5D0EFD292A2BC9E5001C1618 /* SwiftyStoreKit */; };
		5D117EFA29F1F92A00812526 /* FirebaseFirestore in Frameworks */ = {isa = PBXBuildFile; productRef = 5D117EF929F1F92A00812526 /* FirebaseFirestore */; };
		5D124F4A2A05FBDD008EDB06 /* BackgroundTasks.framework in Frameworks */ = {isa = PBXBuildFile; fileRef = 5D124F492A05FBDB008EDB06 /* BackgroundTasks.framework */; };
		5D124F4F2A06F5AA008EDB06 /* YouTubeiOSPlayerHelper in Frameworks */ = {isa = PBXBuildFile; productRef = 5D124F4E2A06F5AA008EDB06 /* YouTubeiOSPlayerHelper */; };
		5D3572692A6C869E00AC5208 /* MyTipJarStoreKitConfig.storekit in Resources */ = {isa = PBXBuildFile; fileRef = 5D3572632A6C869E00AC5208 /* MyTipJarStoreKitConfig.storekit */; };
		5D35726A2A6C869E00AC5208 /* AppDelegate.swift in Sources */ = {isa = PBXBuildFile; fileRef = 5D3572642A6C869E00AC5208 /* AppDelegate.swift */; };
		5D35726B2A6C869E00AC5208 /* OnboardingView.swift in Sources */ = {isa = PBXBuildFile; fileRef = 5D3572652A6C869E00AC5208 /* OnboardingView.swift */; };
		5D35726D2A6C869E00AC5208 /* GeekGeniusApp.swift in Sources */ = {isa = PBXBuildFile; fileRef = 5D3572672A6C869E00AC5208 /* GeekGeniusApp.swift */; };
		5D35728E2A6C86DF00AC5208 /* AppState.swift in Sources */ = {isa = PBXBuildFile; fileRef = 5D3572842A6C86DF00AC5208 /* AppState.swift */; };
		5D35728F2A6C86DF00AC5208 /* OverlayView.swift in Sources */ = {isa = PBXBuildFile; fileRef = 5D3572852A6C86DF00AC5208 /* OverlayView.swift */; };
		5D3572902A6C86DF00AC5208 /* RemoteImage.swift in Sources */ = {isa = PBXBuildFile; fileRef = 5D3572862A6C86DF00AC5208 /* RemoteImage.swift */; };
		5D3572912A6C86DF00AC5208 /* MvProductsids.swift in Sources */ = {isa = PBXBuildFile; fileRef = 5D3572872A6C86DF00AC5208 /* MvProductsids.swift */; };
		5D3572922A6C86DF00AC5208 /* ImagePicker.swift in Sources */ = {isa = PBXBuildFile; fileRef = 5D3572882A6C86DF00AC5208 /* ImagePicker.swift */; };
		5D3572932A6C86DF00AC5208 /* SearchBar.swift in Sources */ = {isa = PBXBuildFile; fileRef = 5D3572892A6C86DF00AC5208 /* SearchBar.swift */; };
		5D3572942A6C86DF00AC5208 /* TipJar.swift in Sources */ = {isa = PBXBuildFile; fileRef = 5D35728A2A6C86DF00AC5208 /* TipJar.swift */; };
		5D3572952A6C86DF00AC5208 /* UserSettings.swift in Sources */ = {isa = PBXBuildFile; fileRef = 5D35728B2A6C86DF00AC5208 /* UserSettings.swift */; };
		5D3572962A6C86DF00AC5208 /* URLImageCache.swift in Sources */ = {isa = PBXBuildFile; fileRef = 5D35728C2A6C86DF00AC5208 /* URLImageCache.swift */; };
		5D3572972A6C86DF00AC5208 /* TipStore.swift in Sources */ = {isa = PBXBuildFile; fileRef = 5D35728D2A6C86DF00AC5208 /* TipStore.swift */; };
		5D3572A92A6C86FD00AC5208 /* AboutView.swift in Sources */ = {isa = PBXBuildFile; fileRef = 5D3572992A6C86FD00AC5208 /* AboutView.swift */; };
		5D3572AA2A6C86FD00AC5208 /* SettingsView.swift in Sources */ = {isa = PBXBuildFile; fileRef = 5D35729A2A6C86FD00AC5208 /* SettingsView.swift */; };
		5D3572AB2A6C86FD00AC5208 /* SubscriptionInfoView.swift in Sources */ = {isa = PBXBuildFile; fileRef = 5D35729B2A6C86FD00AC5208 /* SubscriptionInfoView.swift */; };
		5D3572AC2A6C86FD00AC5208 /* ProfileView.swift in Sources */ = {isa = PBXBuildFile; fileRef = 5D35729C2A6C86FD00AC5208 /* ProfileView.swift */; };
		5D3572AD2A6C86FD00AC5208 /* YouTubeVideoView.swift in Sources */ = {isa = PBXBuildFile; fileRef = 5D35729D2A6C86FD00AC5208 /* YouTubeVideoView.swift */; };
		5D3572AE2A6C86FD00AC5208 /* ChangePasswordView.swift in Sources */ = {isa = PBXBuildFile; fileRef = 5D35729E2A6C86FD00AC5208 /* ChangePasswordView.swift */; };
		5D3572B02A6C86FD00AC5208 /* LoginView.swift in Sources */ = {isa = PBXBuildFile; fileRef = 5D3572A02A6C86FD00AC5208 /* LoginView.swift */; };
		5D3572B12A6C86FD00AC5208 /* OthersView.swift in Sources */ = {isa = PBXBuildFile; fileRef = 5D3572A12A6C86FD00AC5208 /* OthersView.swift */; };
		5D3572B22A6C86FD00AC5208 /* HomeView.swift in Sources */ = {isa = PBXBuildFile; fileRef = 5D3572A22A6C86FD00AC5208 /* HomeView.swift */; };
		5D3572B32A6C86FD00AC5208 /* TestView.swift in Sources */ = {isa = PBXBuildFile; fileRef = 5D3572A32A6C86FD00AC5208 /* TestView.swift */; };
		5D3572B42A6C86FD00AC5208 /* LibraryView.swift in Sources */ = {isa = PBXBuildFile; fileRef = 5D3572A42A6C86FD00AC5208 /* LibraryView.swift */; };
		5D3572B52A6C86FD00AC5208 /* UpdatedSubscriptionInfoView.swift in Sources */ = {isa = PBXBuildFile; fileRef = 5D3572A52A6C86FD00AC5208 /* UpdatedSubscriptionInfoView.swift */; };
		5D3572B62A6C86FD00AC5208 /* MainView.swift in Sources */ = {isa = PBXBuildFile; fileRef = 5D3572A62A6C86FD00AC5208 /* MainView.swift */; };
		5D3572B72A6C86FD00AC5208 /* SignupView.swift in Sources */ = {isa = PBXBuildFile; fileRef = 5D3572A72A6C86FD00AC5208 /* SignupView.swift */; };
		5D3572BC2A6C870600AC5208 /* Assets.xcassets in Resources */ = {isa = PBXBuildFile; fileRef = 5D3572BA2A6C870600AC5208 /* Assets.xcassets */; };
		5D3572BD2A6C870600AC5208 /* GoogleService-Info.plist in Resources */ = {isa = PBXBuildFile; fileRef = 5D3572BB2A6C870600AC5208 /* GoogleService-Info.plist */; };
		5D4FC22F2A429FC000807F7F /* Mac_GeniusApp.swift in Sources */ = {isa = PBXBuildFile; fileRef = 5D4FC22E2A429FC000807F7F /* Mac_GeniusApp.swift */; };
		5D4FC2312A429FC000807F7F /* ContentView.swift in Sources */ = {isa = PBXBuildFile; fileRef = 5D4FC2302A429FC000807F7F /* ContentView.swift */; };
		5D4FC2332A429FC100807F7F /* Assets.xcassets in Resources */ = {isa = PBXBuildFile; fileRef = 5D4FC2322A429FC100807F7F /* Assets.xcassets */; };
		5D4FC2362A429FC100807F7F /* Preview Assets.xcassets in Resources */ = {isa = PBXBuildFile; fileRef = 5D4FC2352A429FC100807F7F /* Preview Assets.xcassets */; };
		5D4FC23C2A42A07D00807F7F /* FirebaseFirestore in Frameworks */ = {isa = PBXBuildFile; productRef = 5D4FC23B2A42A07D00807F7F /* FirebaseFirestore */; };
		5D56B78B2A4BEEAD00637765 /* FirebaseMessaging in Frameworks */ = {isa = PBXBuildFile; productRef = 5D56B78A2A4BEEAD00637765 /* FirebaseMessaging */; };
		5D56FE022A6B5C8B00F36CBD /* OneSignal in Frameworks */ = {isa = PBXBuildFile; productRef = 2A64E7BA4B8CF633EA4B5521 /* OneSignal */; };
		5D56FE042A6B731800F36CBD /* StoreKit.framework in Frameworks */ = {isa = PBXBuildFile; fileRef = 5D56FE032A6B731800F36CBD /* StoreKit.framework */; };
		5D6242B62AF30FC800F7EBA0 /* FutureChatView.swift in Sources */ = {isa = PBXBuildFile; fileRef = 5D6242B52AF30FC800F7EBA0 /* FutureChatView.swift */; };
		5D949C8029ECB53200CACEA0 /* Preview Assets.xcassets in Resources */ = {isa = PBXBuildFile; fileRef = 5D949C7F29ECB53200CACEA0 /* Preview Assets.xcassets */; };
		5D949C9829ECBFC500CACEA0 /* FirebaseAuth in Frameworks */ = {isa = PBXBuildFile; productRef = 5D949C9729ECBFC500CACEA0 /* FirebaseAuth */; };
		5D949CAB29EF906800CACEA0 /* FirebaseFirestoreSwift in Frameworks */ = {isa = PBXBuildFile; productRef = 5D949CAA29EF906800CACEA0 /* FirebaseFirestoreSwift */; };
		5DA5069629F4F81D00A00B99 /* FirebaseStorage in Frameworks */ = {isa = PBXBuildFile; productRef = 5DA5069529F4F81D00A00B99 /* FirebaseStorage */; };
		5DA881BB2B0EFA8A00CC0071 /* ChatIntroductionView.swift in Sources */ = {isa = PBXBuildFile; fileRef = 5DA881BA2B0EFA8A00CC0071 /* ChatIntroductionView.swift */; };
		5DA881BD2B0F009E00CC0071 /* AlertWrapper.swift in Sources */ = {isa = PBXBuildFile; fileRef = 5DA881BC2B0F009E00CC0071 /* AlertWrapper.swift */; };
		5DB291932A22EFFE004F50FB /* Reachability in Frameworks */ = {isa = PBXBuildFile; productRef = 5DB291922A22EFFE004F50FB /* Reachability */; };
		5DBAD91E2B06EB4300DA0C32 /* KeychainSwift in Frameworks */ = {isa = PBXBuildFile; productRef = 5DBAD91D2B06EB4300DA0C32 /* KeychainSwift */; };
		5DBBE5512AD10C9F00B79E9B /* WidgetKit.framework in Frameworks */ = {isa = PBXBuildFile; fileRef = 5DBBE5502AD10C9F00B79E9B /* WidgetKit.framework */; };
		5DBBE5532AD10C9F00B79E9B /* SwiftUI.framework in Frameworks */ = {isa = PBXBuildFile; fileRef = 5DBBE5522AD10C9F00B79E9B /* SwiftUI.framework */; };
		5DBBE5562AD10C9F00B79E9B /* NewVideoWidgetBundle.swift in Sources */ = {isa = PBXBuildFile; fileRef = 5DBBE5552AD10C9F00B79E9B /* NewVideoWidgetBundle.swift */; };
		5DBBE5582AD10C9F00B79E9B /* NewVideoWidget.swift in Sources */ = {isa = PBXBuildFile; fileRef = 5DBBE5572AD10C9F00B79E9B /* NewVideoWidget.swift */; };
		5DBBE55A2AD10CA000B79E9B /* Assets.xcassets in Resources */ = {isa = PBXBuildFile; fileRef = 5DBBE5592AD10CA000B79E9B /* Assets.xcassets */; };
		5DBBE55E2AD10CA000B79E9B /* NewVideoWidgetExtension.appex in Embed Foundation Extensions */ = {isa = PBXBuildFile; fileRef = 5DBBE54F2AD10C9F00B79E9B /* NewVideoWidgetExtension.appex */; settings = {ATTRIBUTES = (RemoveHeadersOnCopy, ); }; };
		5DBBE5632AD10F8E00B79E9B /* FirebaseFirestore in Frameworks */ = {isa = PBXBuildFile; productRef = 5DBBE5622AD10F8E00B79E9B /* FirebaseFirestore */; };
		5DBBE56A2AD1144700B79E9B /* GoogleService-Info.plist in Resources */ = {isa = PBXBuildFile; fileRef = 5DBBE5692AD1144700B79E9B /* GoogleService-Info.plist */; };
		5DCD4A8C2B057A5100B512F3 /* ReviewSurvey.swift in Sources */ = {isa = PBXBuildFile; fileRef = 5DCD4A8B2B057A5100B512F3 /* ReviewSurvey.swift */; };
		5DCD4A8E2B057B6200B512F3 /* SurveyView.swift in Sources */ = {isa = PBXBuildFile; fileRef = 5DCD4A8D2B057B6200B512F3 /* SurveyView.swift */; };
		5DD83A432A8B3C14009D5129 /* GoogleService-Info.plist in Resources */ = {isa = PBXBuildFile; fileRef = 5DD83A422A8B3C14009D5129 /* GoogleService-Info.plist */; };
		5DD83A452A8C4E29009D5129 /* test.swift in Sources */ = {isa = PBXBuildFile; fileRef = 5DD83A442A8C4E29009D5129 /* test.swift */; };
		5DDB60DA2B200C990089E6DB /* GroupSelectUsersView.swift in Sources */ = {isa = PBXBuildFile; fileRef = 5DDB60D92B200C990089E6DB /* GroupSelectUsersView.swift */; };
		5DDDDE162A611C0200C766A3 /* FirebaseAnalytics in Frameworks */ = {isa = PBXBuildFile; productRef = 5DDDDE152A611C0200C766A3 /* FirebaseAnalytics */; };
		5DDDDE1A2A611C0200C766A3 /* FirebaseAnalyticsSwift in Frameworks */ = {isa = PBXBuildFile; productRef = 5DDDDE192A611C0200C766A3 /* FirebaseAnalyticsSwift */; };
		5DEF79402ABD1CD500DA7195 /* ProfileDetailView.swift in Sources */ = {isa = PBXBuildFile; fileRef = 5DEF793F2ABD1CD500DA7195 /* ProfileDetailView.swift */; };
		5DF687692AFC3EF900F67521 /* MainChatView.swift in Sources */ = {isa = PBXBuildFile; fileRef = 5DF687682AFC3EF900F67521 /* MainChatView.swift */; };
		5DF6876E2AFC42BB00F67521 /* Conversation.swift in Sources */ = {isa = PBXBuildFile; fileRef = 5DF6876C2AFC42BB00F67521 /* Conversation.swift */; };
		5DF6876F2AFC42BB00F67521 /* FirestoreMessage.swift in Sources */ = {isa = PBXBuildFile; fileRef = 5DF6876D2AFC42BB00F67521 /* FirestoreMessage.swift */; };
		5DF687752AFC42FA00F67521 /* UsersView.swift in Sources */ = {isa = PBXBuildFile; fileRef = 5DF687712AFC42FA00F67521 /* UsersView.swift */; };
		5DF687762AFC42FA00F67521 /* GroupCreateView.swift in Sources */ = {isa = PBXBuildFile; fileRef = 5DF687722AFC42FA00F67521 /* GroupCreateView.swift */; };
		5DF687772AFC42FA00F67521 /* UsersViewModel.swift in Sources */ = {isa = PBXBuildFile; fileRef = 5DF687732AFC42FA00F67521 /* UsersViewModel.swift */; };
		5DF6877D2AFC431A00F67521 /* Constants.swift in Sources */ = {isa = PBXBuildFile; fileRef = 5DF6877A2AFC431A00F67521 /* Constants.swift */; };
		5DF6877E2AFC431A00F67521 /* Utils.swift in Sources */ = {isa = PBXBuildFile; fileRef = 5DF6877B2AFC431A00F67521 /* Utils.swift */; };
		5DF6877F2AFC431A00F67521 /* NetworkMonitor.swift in Sources */ = {isa = PBXBuildFile; fileRef = 5DF6877C2AFC431A00F67521 /* NetworkMonitor.swift */; };
		5DF687862AFC432B00F67521 /* UploadingManager.swift in Sources */ = {isa = PBXBuildFile; fileRef = 5DF687822AFC432B00F67521 /* UploadingManager.swift */; };
		5DF687872AFC432B00F67521 /* SessionManager.swift in Sources */ = {isa = PBXBuildFile; fileRef = 5DF687832AFC432B00F67521 /* SessionManager.swift */; };
		5DF687882AFC432B00F67521 /* DataStorageManager.swift in Sources */ = {isa = PBXBuildFile; fileRef = 5DF687842AFC432B00F67521 /* DataStorageManager.swift */; };
		5DF6878C2AFC438600F67521 /* ConversationView.swift in Sources */ = {isa = PBXBuildFile; fileRef = 5DF6878A2AFC438600F67521 /* ConversationView.swift */; };
		5DF6878D2AFC438600F67521 /* ConversationViewModel.swift in Sources */ = {isa = PBXBuildFile; fileRef = 5DF6878B2AFC438600F67521 /* ConversationViewModel.swift */; };
		5DF687912AFC43AC00F67521 /* ConversationsView.swift in Sources */ = {isa = PBXBuildFile; fileRef = 5DF6878F2AFC43AC00F67521 /* ConversationsView.swift */; };
		5DF687922AFC43AC00F67521 /* ConversationsViewModel.swift in Sources */ = {isa = PBXBuildFile; fileRef = 5DF687902AFC43AC00F67521 /* ConversationsViewModel.swift */; };
		5DF687992AFC446A00F67521 /* ActivityIndicator.swift in Sources */ = {isa = PBXBuildFile; fileRef = 5DF687942AFC446A00F67521 /* ActivityIndicator.swift */; };
		5DF6879A2AFC446A00F67521 /* CustomTextField.swift in Sources */ = {isa = PBXBuildFile; fileRef = 5DF687952AFC446A00F67521 /* CustomTextField.swift */; };
		5DF6879B2AFC446A00F67521 /* AvatarView.swift in Sources */ = {isa = PBXBuildFile; fileRef = 5DF687962AFC446A00F67521 /* AvatarView.swift */; };
		5DF6879C2AFC446A00F67521 /* SearchField.swift in Sources */ = {isa = PBXBuildFile; fileRef = 5DF687972AFC446A00F67521 /* SearchField.swift */; };
		5DF6879D2AFC446A00F67521 /* ButtonStyle.swift in Sources */ = {isa = PBXBuildFile; fileRef = 5DF687982AFC446A00F67521 /* ButtonStyle.swift */; };
		5DF687A02AFC44CB00F67521 /* CachedAsyncImage in Frameworks */ = {isa = PBXBuildFile; productRef = 5DF6879F2AFC44CB00F67521 /* CachedAsyncImage */; };
		65EA6A2A60ED395B6351F6B5 /* NotificationService.swift in Sources */ = {isa = PBXBuildFile; fileRef = 4311B79F9E9A1D905661A3CE /* NotificationService.swift */; };
		9879D9F6324CF34A4905A461 /* Foundation.framework in Frameworks */ = {isa = PBXBuildFile; fileRef = F856CEF8D84C86843A97DAF6 /* Foundation.framework */; };
/* End PBXBuildFile section */

/* Begin PBXContainerItemProxy section */
		08B0EA7AFEDE9F4BCC957940 /* PBXContainerItemProxy */ = {
			isa = PBXContainerItemProxy;
			containerPortal = 5D949C6D29ECB52B00CACEA0 /* Project object */;
			proxyType = 1;
			remoteGlobalIDString = A0F62CD462EB213196312C14;
			remoteInfo = OneSignalNotificationServiceExtension;
		};
		5DBBE55C2AD10CA000B79E9B /* PBXContainerItemProxy */ = {
			isa = PBXContainerItemProxy;
			containerPortal = 5D949C6D29ECB52B00CACEA0 /* Project object */;
			proxyType = 1;
			remoteGlobalIDString = 5DBBE54E2AD10C9F00B79E9B;
			remoteInfo = NewVideoWidgetExtension;
		};
/* End PBXContainerItemProxy section */

/* Begin PBXCopyFilesBuildPhase section */
		76D2F6B95483C817314CD21C /* Embed Foundation Extensions */ = {
			isa = PBXCopyFilesBuildPhase;
			buildActionMask = 2147483647;
			dstPath = "";
			dstSubfolderSpec = 13;
			files = (
				00518B6330B5B3451D62832A /* OneSignalNotificationServiceExtension.appex in Embed Foundation Extensions */,
				5DBBE55E2AD10CA000B79E9B /* NewVideoWidgetExtension.appex in Embed Foundation Extensions */,
			);
			name = "Embed Foundation Extensions";
			runOnlyForDeploymentPostprocessing = 0;
		};
/* End PBXCopyFilesBuildPhase section */

/* Begin PBXFileReference section */
		4311B79F9E9A1D905661A3CE /* NotificationService.swift */ = {isa = PBXFileReference; includeInIndex = 1; lastKnownFileType = sourcecode.swift; name = NotificationService.swift; path = OneSignalNotificationServiceExtension/NotificationService.swift; sourceTree = "<group>"; };
		5D124F492A05FBDB008EDB06 /* BackgroundTasks.framework */ = {isa = PBXFileReference; lastKnownFileType = wrapper.framework; name = BackgroundTasks.framework; path = System/Library/Frameworks/BackgroundTasks.framework; sourceTree = SDKROOT; };
		5D3572632A6C869E00AC5208 /* MyTipJarStoreKitConfig.storekit */ = {isa = PBXFileReference; fileEncoding = 4; lastKnownFileType = text; path = MyTipJarStoreKitConfig.storekit; sourceTree = "<group>"; };
		5D3572642A6C869E00AC5208 /* AppDelegate.swift */ = {isa = PBXFileReference; fileEncoding = 4; lastKnownFileType = sourcecode.swift; path = AppDelegate.swift; sourceTree = "<group>"; };
		5D3572652A6C869E00AC5208 /* OnboardingView.swift */ = {isa = PBXFileReference; fileEncoding = 4; lastKnownFileType = sourcecode.swift; path = OnboardingView.swift; sourceTree = "<group>"; };
		5D3572662A6C869E00AC5208 /* Info.plist */ = {isa = PBXFileReference; fileEncoding = 4; lastKnownFileType = text.plist.xml; path = Info.plist; sourceTree = "<group>"; };
		5D3572672A6C869E00AC5208 /* GeekGeniusApp.swift */ = {isa = PBXFileReference; fileEncoding = 4; lastKnownFileType = sourcecode.swift; path = GeekGeniusApp.swift; sourceTree = "<group>"; };
		5D3572682A6C869E00AC5208 /* GeekGenius.entitlements */ = {isa = PBXFileReference; fileEncoding = 4; lastKnownFileType = text.plist.entitlements; path = GeekGenius.entitlements; sourceTree = "<group>"; };
		5D3572842A6C86DF00AC5208 /* AppState.swift */ = {isa = PBXFileReference; fileEncoding = 4; lastKnownFileType = sourcecode.swift; path = AppState.swift; sourceTree = "<group>"; };
		5D3572852A6C86DF00AC5208 /* OverlayView.swift */ = {isa = PBXFileReference; fileEncoding = 4; lastKnownFileType = sourcecode.swift; path = OverlayView.swift; sourceTree = "<group>"; };
		5D3572862A6C86DF00AC5208 /* RemoteImage.swift */ = {isa = PBXFileReference; fileEncoding = 4; lastKnownFileType = sourcecode.swift; path = RemoteImage.swift; sourceTree = "<group>"; };
		5D3572872A6C86DF00AC5208 /* MvProductsids.swift */ = {isa = PBXFileReference; fileEncoding = 4; lastKnownFileType = sourcecode.swift; path = MvProductsids.swift; sourceTree = "<group>"; };
		5D3572882A6C86DF00AC5208 /* ImagePicker.swift */ = {isa = PBXFileReference; fileEncoding = 4; lastKnownFileType = sourcecode.swift; path = ImagePicker.swift; sourceTree = "<group>"; };
		5D3572892A6C86DF00AC5208 /* SearchBar.swift */ = {isa = PBXFileReference; fileEncoding = 4; lastKnownFileType = sourcecode.swift; path = SearchBar.swift; sourceTree = "<group>"; };
		5D35728A2A6C86DF00AC5208 /* TipJar.swift */ = {isa = PBXFileReference; fileEncoding = 4; lastKnownFileType = sourcecode.swift; path = TipJar.swift; sourceTree = "<group>"; };
		5D35728B2A6C86DF00AC5208 /* UserSettings.swift */ = {isa = PBXFileReference; fileEncoding = 4; lastKnownFileType = sourcecode.swift; path = UserSettings.swift; sourceTree = "<group>"; };
		5D35728C2A6C86DF00AC5208 /* URLImageCache.swift */ = {isa = PBXFileReference; fileEncoding = 4; lastKnownFileType = sourcecode.swift; path = URLImageCache.swift; sourceTree = "<group>"; };
		5D35728D2A6C86DF00AC5208 /* TipStore.swift */ = {isa = PBXFileReference; fileEncoding = 4; lastKnownFileType = sourcecode.swift; path = TipStore.swift; sourceTree = "<group>"; };
		5D3572992A6C86FD00AC5208 /* AboutView.swift */ = {isa = PBXFileReference; fileEncoding = 4; lastKnownFileType = sourcecode.swift; path = AboutView.swift; sourceTree = "<group>"; };
		5D35729A2A6C86FD00AC5208 /* SettingsView.swift */ = {isa = PBXFileReference; fileEncoding = 4; lastKnownFileType = sourcecode.swift; path = SettingsView.swift; sourceTree = "<group>"; };
		5D35729B2A6C86FD00AC5208 /* SubscriptionInfoView.swift */ = {isa = PBXFileReference; fileEncoding = 4; lastKnownFileType = sourcecode.swift; path = SubscriptionInfoView.swift; sourceTree = "<group>"; };
		5D35729C2A6C86FD00AC5208 /* ProfileView.swift */ = {isa = PBXFileReference; fileEncoding = 4; lastKnownFileType = sourcecode.swift; path = ProfileView.swift; sourceTree = "<group>"; };
		5D35729D2A6C86FD00AC5208 /* YouTubeVideoView.swift */ = {isa = PBXFileReference; fileEncoding = 4; lastKnownFileType = sourcecode.swift; path = YouTubeVideoView.swift; sourceTree = "<group>"; };
		5D35729E2A6C86FD00AC5208 /* ChangePasswordView.swift */ = {isa = PBXFileReference; fileEncoding = 4; lastKnownFileType = sourcecode.swift; path = ChangePasswordView.swift; sourceTree = "<group>"; };
		5D3572A02A6C86FD00AC5208 /* LoginView.swift */ = {isa = PBXFileReference; fileEncoding = 4; lastKnownFileType = sourcecode.swift; path = LoginView.swift; sourceTree = "<group>"; };
		5D3572A12A6C86FD00AC5208 /* OthersView.swift */ = {isa = PBXFileReference; fileEncoding = 4; lastKnownFileType = sourcecode.swift; path = OthersView.swift; sourceTree = "<group>"; };
		5D3572A22A6C86FD00AC5208 /* HomeView.swift */ = {isa = PBXFileReference; fileEncoding = 4; lastKnownFileType = sourcecode.swift; path = HomeView.swift; sourceTree = "<group>"; };
		5D3572A32A6C86FD00AC5208 /* TestView.swift */ = {isa = PBXFileReference; fileEncoding = 4; lastKnownFileType = sourcecode.swift; path = TestView.swift; sourceTree = "<group>"; };
		5D3572A42A6C86FD00AC5208 /* LibraryView.swift */ = {isa = PBXFileReference; fileEncoding = 4; lastKnownFileType = sourcecode.swift; path = LibraryView.swift; sourceTree = "<group>"; };
		5D3572A52A6C86FD00AC5208 /* UpdatedSubscriptionInfoView.swift */ = {isa = PBXFileReference; fileEncoding = 4; lastKnownFileType = sourcecode.swift; path = UpdatedSubscriptionInfoView.swift; sourceTree = "<group>"; };
		5D3572A62A6C86FD00AC5208 /* MainView.swift */ = {isa = PBXFileReference; fileEncoding = 4; lastKnownFileType = sourcecode.swift; path = MainView.swift; sourceTree = "<group>"; };
		5D3572A72A6C86FD00AC5208 /* SignupView.swift */ = {isa = PBXFileReference; fileEncoding = 4; lastKnownFileType = sourcecode.swift; path = SignupView.swift; sourceTree = "<group>"; };
		5D3572BA2A6C870600AC5208 /* Assets.xcassets */ = {isa = PBXFileReference; lastKnownFileType = folder.assetcatalog; path = Assets.xcassets; sourceTree = "<group>"; };
		5D3572BB2A6C870600AC5208 /* GoogleService-Info.plist */ = {isa = PBXFileReference; fileEncoding = 4; lastKnownFileType = text.plist.xml; path = "GoogleService-Info.plist"; sourceTree = "<group>"; };
		5D4FC22C2A429FC000807F7F /* Mac Genius.app */ = {isa = PBXFileReference; explicitFileType = wrapper.application; includeInIndex = 0; path = "Mac Genius.app"; sourceTree = BUILT_PRODUCTS_DIR; };
		5D4FC22E2A429FC000807F7F /* Mac_GeniusApp.swift */ = {isa = PBXFileReference; lastKnownFileType = sourcecode.swift; path = Mac_GeniusApp.swift; sourceTree = "<group>"; };
		5D4FC2302A429FC000807F7F /* ContentView.swift */ = {isa = PBXFileReference; lastKnownFileType = sourcecode.swift; path = ContentView.swift; sourceTree = "<group>"; };
		5D4FC2322A429FC100807F7F /* Assets.xcassets */ = {isa = PBXFileReference; lastKnownFileType = folder.assetcatalog; path = Assets.xcassets; sourceTree = "<group>"; };
		5D4FC2352A429FC100807F7F /* Preview Assets.xcassets */ = {isa = PBXFileReference; lastKnownFileType = folder.assetcatalog; path = "Preview Assets.xcassets"; sourceTree = "<group>"; };
		5D4FC2372A429FC100807F7F /* Mac_Genius.entitlements */ = {isa = PBXFileReference; lastKnownFileType = text.plist.entitlements; path = Mac_Genius.entitlements; sourceTree = "<group>"; };
		5D56FE032A6B731800F36CBD /* StoreKit.framework */ = {isa = PBXFileReference; lastKnownFileType = wrapper.framework; name = StoreKit.framework; path = System/Library/Frameworks/StoreKit.framework; sourceTree = SDKROOT; };
		5D6242B52AF30FC800F7EBA0 /* FutureChatView.swift */ = {isa = PBXFileReference; lastKnownFileType = sourcecode.swift; path = FutureChatView.swift; sourceTree = "<group>"; };
		5D6242B72AF3154700F7EBA0 /* GeekGeniusRelease.entitlements */ = {isa = PBXFileReference; lastKnownFileType = text.plist.entitlements; path = GeekGeniusRelease.entitlements; sourceTree = "<group>"; };
		5D949C7529ECB52B00CACEA0 /* GeekGenius.app */ = {isa = PBXFileReference; explicitFileType = wrapper.application; includeInIndex = 0; path = GeekGenius.app; sourceTree = BUILT_PRODUCTS_DIR; };
		5D949C7F29ECB53200CACEA0 /* Preview Assets.xcassets */ = {isa = PBXFileReference; lastKnownFileType = folder.assetcatalog; path = "Preview Assets.xcassets"; sourceTree = "<group>"; };
		5DA881BA2B0EFA8A00CC0071 /* ChatIntroductionView.swift */ = {isa = PBXFileReference; lastKnownFileType = sourcecode.swift; path = ChatIntroductionView.swift; sourceTree = "<group>"; };
		5DA881BC2B0F009E00CC0071 /* AlertWrapper.swift */ = {isa = PBXFileReference; lastKnownFileType = sourcecode.swift; path = AlertWrapper.swift; sourceTree = "<group>"; };
		5DBBE54F2AD10C9F00B79E9B /* NewVideoWidgetExtension.appex */ = {isa = PBXFileReference; explicitFileType = "wrapper.app-extension"; includeInIndex = 0; path = NewVideoWidgetExtension.appex; sourceTree = BUILT_PRODUCTS_DIR; };
		5DBBE5502AD10C9F00B79E9B /* WidgetKit.framework */ = {isa = PBXFileReference; lastKnownFileType = wrapper.framework; name = WidgetKit.framework; path = System/Library/Frameworks/WidgetKit.framework; sourceTree = SDKROOT; };
		5DBBE5522AD10C9F00B79E9B /* SwiftUI.framework */ = {isa = PBXFileReference; lastKnownFileType = wrapper.framework; name = SwiftUI.framework; path = System/Library/Frameworks/SwiftUI.framework; sourceTree = SDKROOT; };
		5DBBE5552AD10C9F00B79E9B /* NewVideoWidgetBundle.swift */ = {isa = PBXFileReference; lastKnownFileType = sourcecode.swift; path = NewVideoWidgetBundle.swift; sourceTree = "<group>"; };
		5DBBE5572AD10C9F00B79E9B /* NewVideoWidget.swift */ = {isa = PBXFileReference; lastKnownFileType = sourcecode.swift; path = NewVideoWidget.swift; sourceTree = "<group>"; };
		5DBBE5592AD10CA000B79E9B /* Assets.xcassets */ = {isa = PBXFileReference; lastKnownFileType = folder.assetcatalog; path = Assets.xcassets; sourceTree = "<group>"; };
		5DBBE55B2AD10CA000B79E9B /* Info.plist */ = {isa = PBXFileReference; lastKnownFileType = text.plist.xml; path = Info.plist; sourceTree = "<group>"; };
		5DBBE5692AD1144700B79E9B /* GoogleService-Info.plist */ = {isa = PBXFileReference; fileEncoding = 4; lastKnownFileType = text.plist.xml; path = "GoogleService-Info.plist"; sourceTree = "<group>"; };
		5DCD4A8B2B057A5100B512F3 /* ReviewSurvey.swift */ = {isa = PBXFileReference; lastKnownFileType = sourcecode.swift; path = ReviewSurvey.swift; sourceTree = "<group>"; };
		5DCD4A8D2B057B6200B512F3 /* SurveyView.swift */ = {isa = PBXFileReference; lastKnownFileType = sourcecode.swift; path = SurveyView.swift; sourceTree = "<group>"; };
		5DD83A422A8B3C14009D5129 /* GoogleService-Info.plist */ = {isa = PBXFileReference; fileEncoding = 4; lastKnownFileType = text.plist.xml; name = "GoogleService-Info.plist"; path = "../../../Downloads/GoogleService-Info.plist"; sourceTree = "<group>"; };
		5DD83A442A8C4E29009D5129 /* test.swift */ = {isa = PBXFileReference; lastKnownFileType = sourcecode.swift; path = test.swift; sourceTree = "<group>"; };
		5DDB60D92B200C990089E6DB /* GroupSelectUsersView.swift */ = {isa = PBXFileReference; lastKnownFileType = sourcecode.swift; path = GroupSelectUsersView.swift; sourceTree = "<group>"; };
		5DEF793F2ABD1CD500DA7195 /* ProfileDetailView.swift */ = {isa = PBXFileReference; lastKnownFileType = sourcecode.swift; path = ProfileDetailView.swift; sourceTree = "<group>"; };
		5DF687682AFC3EF900F67521 /* MainChatView.swift */ = {isa = PBXFileReference; lastKnownFileType = sourcecode.swift; path = MainChatView.swift; sourceTree = "<group>"; };
		5DF6876C2AFC42BB00F67521 /* Conversation.swift */ = {isa = PBXFileReference; fileEncoding = 4; lastKnownFileType = sourcecode.swift; path = Conversation.swift; sourceTree = "<group>"; };
		5DF6876D2AFC42BB00F67521 /* FirestoreMessage.swift */ = {isa = PBXFileReference; fileEncoding = 4; lastKnownFileType = sourcecode.swift; path = FirestoreMessage.swift; sourceTree = "<group>"; };
		5DF687712AFC42FA00F67521 /* UsersView.swift */ = {isa = PBXFileReference; fileEncoding = 4; lastKnownFileType = sourcecode.swift; path = UsersView.swift; sourceTree = "<group>"; };
		5DF687722AFC42FA00F67521 /* GroupCreateView.swift */ = {isa = PBXFileReference; fileEncoding = 4; lastKnownFileType = sourcecode.swift; path = GroupCreateView.swift; sourceTree = "<group>"; };
		5DF687732AFC42FA00F67521 /* UsersViewModel.swift */ = {isa = PBXFileReference; fileEncoding = 4; lastKnownFileType = sourcecode.swift; path = UsersViewModel.swift; sourceTree = "<group>"; };
		5DF6877A2AFC431A00F67521 /* Constants.swift */ = {isa = PBXFileReference; fileEncoding = 4; lastKnownFileType = sourcecode.swift; path = Constants.swift; sourceTree = "<group>"; };
		5DF6877B2AFC431A00F67521 /* Utils.swift */ = {isa = PBXFileReference; fileEncoding = 4; lastKnownFileType = sourcecode.swift; path = Utils.swift; sourceTree = "<group>"; };
		5DF6877C2AFC431A00F67521 /* NetworkMonitor.swift */ = {isa = PBXFileReference; fileEncoding = 4; lastKnownFileType = sourcecode.swift; path = NetworkMonitor.swift; sourceTree = "<group>"; };
		5DF687822AFC432B00F67521 /* UploadingManager.swift */ = {isa = PBXFileReference; fileEncoding = 4; lastKnownFileType = sourcecode.swift; path = UploadingManager.swift; sourceTree = "<group>"; };
		5DF687832AFC432B00F67521 /* SessionManager.swift */ = {isa = PBXFileReference; fileEncoding = 4; lastKnownFileType = sourcecode.swift; path = SessionManager.swift; sourceTree = "<group>"; };
		5DF687842AFC432B00F67521 /* DataStorageManager.swift */ = {isa = PBXFileReference; fileEncoding = 4; lastKnownFileType = sourcecode.swift; path = DataStorageManager.swift; sourceTree = "<group>"; };
		5DF6878A2AFC438600F67521 /* ConversationView.swift */ = {isa = PBXFileReference; fileEncoding = 4; lastKnownFileType = sourcecode.swift; path = ConversationView.swift; sourceTree = "<group>"; };
		5DF6878B2AFC438600F67521 /* ConversationViewModel.swift */ = {isa = PBXFileReference; fileEncoding = 4; lastKnownFileType = sourcecode.swift; path = ConversationViewModel.swift; sourceTree = "<group>"; };
		5DF6878F2AFC43AC00F67521 /* ConversationsView.swift */ = {isa = PBXFileReference; fileEncoding = 4; lastKnownFileType = sourcecode.swift; path = ConversationsView.swift; sourceTree = "<group>"; };
		5DF687902AFC43AC00F67521 /* ConversationsViewModel.swift */ = {isa = PBXFileReference; fileEncoding = 4; lastKnownFileType = sourcecode.swift; path = ConversationsViewModel.swift; sourceTree = "<group>"; };
		5DF687942AFC446A00F67521 /* ActivityIndicator.swift */ = {isa = PBXFileReference; fileEncoding = 4; lastKnownFileType = sourcecode.swift; path = ActivityIndicator.swift; sourceTree = "<group>"; };
		5DF687952AFC446A00F67521 /* CustomTextField.swift */ = {isa = PBXFileReference; fileEncoding = 4; lastKnownFileType = sourcecode.swift; path = CustomTextField.swift; sourceTree = "<group>"; };
		5DF687962AFC446A00F67521 /* AvatarView.swift */ = {isa = PBXFileReference; fileEncoding = 4; lastKnownFileType = sourcecode.swift; path = AvatarView.swift; sourceTree = "<group>"; };
		5DF687972AFC446A00F67521 /* SearchField.swift */ = {isa = PBXFileReference; fileEncoding = 4; lastKnownFileType = sourcecode.swift; path = SearchField.swift; sourceTree = "<group>"; };
		5DF687982AFC446A00F67521 /* ButtonStyle.swift */ = {isa = PBXFileReference; fileEncoding = 4; lastKnownFileType = sourcecode.swift; path = ButtonStyle.swift; sourceTree = "<group>"; };
		8A355B73482DC90D8C876227 /* OneSignalNotificationServiceExtension.appex */ = {isa = PBXFileReference; explicitFileType = "wrapper.app-extension"; includeInIndex = 0; path = OneSignalNotificationServiceExtension.appex; sourceTree = BUILT_PRODUCTS_DIR; };
		CB99BF7D97ADB6F921D6BDDB /* Info.plist */ = {isa = PBXFileReference; includeInIndex = 1; lastKnownFileType = text.plist.xml; name = Info.plist; path = OneSignalNotificationServiceExtension/Info.plist; sourceTree = "<group>"; };
		F564EBAAC0B88F392E73F722 /* OneSignalNotificationServiceExtension.entitlements */ = {isa = PBXFileReference; includeInIndex = 1; lastKnownFileType = text.plist.entitlements; name = OneSignalNotificationServiceExtension.entitlements; path = OneSignalNotificationServiceExtension/OneSignalNotificationServiceExtension.entitlements; sourceTree = "<group>"; };
		F856CEF8D84C86843A97DAF6 /* Foundation.framework */ = {isa = PBXFileReference; lastKnownFileType = wrapper.framework; name = Foundation.framework; path = Platforms/iPhoneOS.platform/Developer/SDKs/iPhoneOS14.0.sdk/System/Library/Frameworks/Foundation.framework; sourceTree = DEVELOPER_DIR; };
/* End PBXFileReference section */

/* Begin PBXFrameworksBuildPhase section */
		5D4FC2292A429FC000807F7F /* Frameworks */ = {
			isa = PBXFrameworksBuildPhase;
			buildActionMask = 2147483647;
			files = (
				5D4FC23C2A42A07D00807F7F /* FirebaseFirestore in Frameworks */,
			);
			runOnlyForDeploymentPostprocessing = 0;
		};
		5D949C7229ECB52B00CACEA0 /* Frameworks */ = {
			isa = PBXFrameworksBuildPhase;
			buildActionMask = 2147483647;
			files = (
				5D56FE022A6B5C8B00F36CBD /* OneSignal in Frameworks */,
				5D56FE042A6B731800F36CBD /* StoreKit.framework in Frameworks */,
				5D00428A2AFEE53E00C6AE9D /* ExyteChat in Frameworks */,
				5DDDDE1A2A611C0200C766A3 /* FirebaseAnalyticsSwift in Frameworks */,
				5D56B78B2A4BEEAD00637765 /* FirebaseMessaging in Frameworks */,
				5D949C9829ECBFC500CACEA0 /* FirebaseAuth in Frameworks */,
				5DBAD91E2B06EB4300DA0C32 /* KeychainSwift in Frameworks */,
				5DF687A02AFC44CB00F67521 /* CachedAsyncImage in Frameworks */,
				5D0EFD2A2A2BC9E5001C1618 /* SwiftyStoreKit in Frameworks */,
				5DB291932A22EFFE004F50FB /* Reachability in Frameworks */,
				5DA5069629F4F81D00A00B99 /* FirebaseStorage in Frameworks */,
				5D949CAB29EF906800CACEA0 /* FirebaseFirestoreSwift in Frameworks */,
				5D124F4A2A05FBDD008EDB06 /* BackgroundTasks.framework in Frameworks */,
				5D117EFA29F1F92A00812526 /* FirebaseFirestore in Frameworks */,
				5DDDDE162A611C0200C766A3 /* FirebaseAnalytics in Frameworks */,
				5D124F4F2A06F5AA008EDB06 /* YouTubeiOSPlayerHelper in Frameworks */,
			);
			runOnlyForDeploymentPostprocessing = 0;
		};
		5DBBE54C2AD10C9F00B79E9B /* Frameworks */ = {
			isa = PBXFrameworksBuildPhase;
			buildActionMask = 2147483647;
			files = (
				5DBBE5532AD10C9F00B79E9B /* SwiftUI.framework in Frameworks */,
				5DBBE5512AD10C9F00B79E9B /* WidgetKit.framework in Frameworks */,
				5DBBE5632AD10F8E00B79E9B /* FirebaseFirestore in Frameworks */,
			);
			runOnlyForDeploymentPostprocessing = 0;
		};
		A8ECD9B21104BE4E4834D656 /* Frameworks */ = {
			isa = PBXFrameworksBuildPhase;
			buildActionMask = 2147483647;
			files = (
				9879D9F6324CF34A4905A461 /* Foundation.framework in Frameworks */,
			);
			runOnlyForDeploymentPostprocessing = 0;
		};
/* End PBXFrameworksBuildPhase section */

/* Begin PBXGroup section */
		5D3572622A6C869E00AC5208 /* Core */ = {
			isa = PBXGroup;
			children = (
				5D3572632A6C869E00AC5208 /* MyTipJarStoreKitConfig.storekit */,
				5D3572642A6C869E00AC5208 /* AppDelegate.swift */,
				5D3572652A6C869E00AC5208 /* OnboardingView.swift */,
				5D3572662A6C869E00AC5208 /* Info.plist */,
				5D3572672A6C869E00AC5208 /* GeekGeniusApp.swift */,
				5D3572682A6C869E00AC5208 /* GeekGenius.entitlements */,
			);
			path = Core;
			sourceTree = "<group>";
		};
		5D3572832A6C86DF00AC5208 /* Helpers */ = {
			isa = PBXGroup;
			children = (
				5D3572842A6C86DF00AC5208 /* AppState.swift */,
				5D3572852A6C86DF00AC5208 /* OverlayView.swift */,
				5D3572862A6C86DF00AC5208 /* RemoteImage.swift */,
				5D3572872A6C86DF00AC5208 /* MvProductsids.swift */,
				5D3572882A6C86DF00AC5208 /* ImagePicker.swift */,
				5D3572892A6C86DF00AC5208 /* SearchBar.swift */,
				5D35728A2A6C86DF00AC5208 /* TipJar.swift */,
				5D35728B2A6C86DF00AC5208 /* UserSettings.swift */,
				5D35728C2A6C86DF00AC5208 /* URLImageCache.swift */,
				5D35728D2A6C86DF00AC5208 /* TipStore.swift */,
				5DA881BC2B0F009E00CC0071 /* AlertWrapper.swift */,
			);
			path = Helpers;
			sourceTree = "<group>";
		};
		5D3572982A6C86FD00AC5208 /* Views */ = {
			isa = PBXGroup;
			children = (
				5D6242B42AF302AA00F7EBA0 /* Future View's */,
				5D3572992A6C86FD00AC5208 /* AboutView.swift */,
				5D35729A2A6C86FD00AC5208 /* SettingsView.swift */,
				5D35729B2A6C86FD00AC5208 /* SubscriptionInfoView.swift */,
				5D35729C2A6C86FD00AC5208 /* ProfileView.swift */,
				5D35729D2A6C86FD00AC5208 /* YouTubeVideoView.swift */,
				5DEF793F2ABD1CD500DA7195 /* ProfileDetailView.swift */,
				5D35729E2A6C86FD00AC5208 /* ChangePasswordView.swift */,
				5D3572A02A6C86FD00AC5208 /* LoginView.swift */,
				5D3572A12A6C86FD00AC5208 /* OthersView.swift */,
				5D3572A22A6C86FD00AC5208 /* HomeView.swift */,
				5D3572A32A6C86FD00AC5208 /* TestView.swift */,
				5D3572A42A6C86FD00AC5208 /* LibraryView.swift */,
				5D3572A52A6C86FD00AC5208 /* UpdatedSubscriptionInfoView.swift */,
				5D3572A62A6C86FD00AC5208 /* MainView.swift */,
				5D3572A72A6C86FD00AC5208 /* SignupView.swift */,
			);
			path = Views;
			sourceTree = "<group>";
		};
		5D3572B92A6C870600AC5208 /* Resources */ = {
			isa = PBXGroup;
			children = (
				5D3572BA2A6C870600AC5208 /* Assets.xcassets */,
				5D3572BB2A6C870600AC5208 /* GoogleService-Info.plist */,
			);
			path = Resources;
			sourceTree = "<group>";
		};
		5D4FC22D2A429FC000807F7F /* Mac Genius */ = {
			isa = PBXGroup;
			children = (
				5D4FC22E2A429FC000807F7F /* Mac_GeniusApp.swift */,
				5D4FC2302A429FC000807F7F /* ContentView.swift */,
				5DD83A442A8C4E29009D5129 /* test.swift */,
				5D4FC2322A429FC100807F7F /* Assets.xcassets */,
				5D4FC2372A429FC100807F7F /* Mac_Genius.entitlements */,
				5DD83A422A8B3C14009D5129 /* GoogleService-Info.plist */,
				5D4FC2342A429FC100807F7F /* Preview Content */,
			);
			path = "Mac Genius";
			sourceTree = "<group>";
		};
		5D4FC2342A429FC100807F7F /* Preview Content */ = {
			isa = PBXGroup;
			children = (
				5D4FC2352A429FC100807F7F /* Preview Assets.xcassets */,
			);
			path = "Preview Content";
			sourceTree = "<group>";
		};
		5D6242B42AF302AA00F7EBA0 /* Future View's */ = {
			isa = PBXGroup;
			children = (
				5DF687682AFC3EF900F67521 /* MainChatView.swift */,
				5DA881BA2B0EFA8A00CC0071 /* ChatIntroductionView.swift */,
				5DCD4A8A2B0579F900B512F3 /* Future View Survey */,
				5DF6876A2AFC421100F67521 /* Future Chat Backend */,
			);
			path = "Future View's";
			sourceTree = "<group>";
		};
		5D949C6C29ECB52B00CACEA0 = {
			isa = PBXGroup;
			children = (
				5D949C7729ECB52B00CACEA0 /* GeekGenius */,
				5D4FC22D2A429FC000807F7F /* Mac Genius */,
				5DBBE5542AD10C9F00B79E9B /* NewVideoWidget */,
				5D949C7629ECB52B00CACEA0 /* Products */,
				5D949CA729EF906800CACEA0 /* Frameworks */,
				7C340C074668FB872D0E5C7B /* OneSignalNotificationServiceExtension */,
			);
			sourceTree = "<group>";
		};
		5D949C7629ECB52B00CACEA0 /* Products */ = {
			isa = PBXGroup;
			children = (
				5D949C7529ECB52B00CACEA0 /* GeekGenius.app */,
				5D4FC22C2A429FC000807F7F /* Mac Genius.app */,
				8A355B73482DC90D8C876227 /* OneSignalNotificationServiceExtension.appex */,
				5DBBE54F2AD10C9F00B79E9B /* NewVideoWidgetExtension.appex */,
			);
			name = Products;
			sourceTree = "<group>";
		};
		5D949C7729ECB52B00CACEA0 /* GeekGenius */ = {
			isa = PBXGroup;
			children = (
				5D6242B72AF3154700F7EBA0 /* GeekGeniusRelease.entitlements */,
				5D3572B92A6C870600AC5208 /* Resources */,
				5D3572982A6C86FD00AC5208 /* Views */,
				5D3572832A6C86DF00AC5208 /* Helpers */,
				5D3572622A6C869E00AC5208 /* Core */,
				5D949C7E29ECB53200CACEA0 /* Preview Content */,
			);
			path = GeekGenius;
			sourceTree = "<group>";
		};
		5D949C7E29ECB53200CACEA0 /* Preview Content */ = {
			isa = PBXGroup;
			children = (
				5D949C7F29ECB53200CACEA0 /* Preview Assets.xcassets */,
			);
			path = "Preview Content";
			sourceTree = "<group>";
		};
		5D949CA729EF906800CACEA0 /* Frameworks */ = {
			isa = PBXGroup;
			children = (
				5D56FE032A6B731800F36CBD /* StoreKit.framework */,
				5D124F492A05FBDB008EDB06 /* BackgroundTasks.framework */,
				737EE0ECBE76A7F362A43080 /* iOS */,
				5DBBE5502AD10C9F00B79E9B /* WidgetKit.framework */,
				5DBBE5522AD10C9F00B79E9B /* SwiftUI.framework */,
			);
			name = Frameworks;
			sourceTree = "<group>";
		};
		5DBBE5542AD10C9F00B79E9B /* NewVideoWidget */ = {
			isa = PBXGroup;
			children = (
				5DBBE5552AD10C9F00B79E9B /* NewVideoWidgetBundle.swift */,
				5DBBE5572AD10C9F00B79E9B /* NewVideoWidget.swift */,
				5DBBE5592AD10CA000B79E9B /* Assets.xcassets */,
				5DBBE55B2AD10CA000B79E9B /* Info.plist */,
				5DBBE5692AD1144700B79E9B /* GoogleService-Info.plist */,
			);
			path = NewVideoWidget;
			sourceTree = "<group>";
		};
		5DCD4A8A2B0579F900B512F3 /* Future View Survey */ = {
			isa = PBXGroup;
			children = (
				5D6242B52AF30FC800F7EBA0 /* FutureChatView.swift */,
				5DCD4A8D2B057B6200B512F3 /* SurveyView.swift */,
				5DCD4A8B2B057A5100B512F3 /* ReviewSurvey.swift */,
			);
			path = "Future View Survey";
			sourceTree = "<group>";
		};
		5DF6876A2AFC421100F67521 /* Future Chat Backend */ = {
			isa = PBXGroup;
			children = (
				5DF687932AFC446A00F67521 /* Views */,
				5DF6878E2AFC43AC00F67521 /* Conversations */,
				5DF687892AFC438600F67521 /* Conversation */,
				5DF687802AFC432B00F67521 /* Managers */,
				5DF687792AFC431A00F67521 /* Utils */,
				5DF687702AFC42FA00F67521 /* Users */,
				5DF6876B2AFC42BB00F67521 /* Model */,
			);
			path = "Future Chat Backend";
			sourceTree = "<group>";
		};
		5DF6876B2AFC42BB00F67521 /* Model */ = {
			isa = PBXGroup;
			children = (
				5DF6876C2AFC42BB00F67521 /* Conversation.swift */,
				5DF6876D2AFC42BB00F67521 /* FirestoreMessage.swift */,
			);
			path = Model;
			sourceTree = "<group>";
		};
		5DF687702AFC42FA00F67521 /* Users */ = {
			isa = PBXGroup;
			children = (
				5DF687712AFC42FA00F67521 /* UsersView.swift */,
				5DDB60D92B200C990089E6DB /* GroupSelectUsersView.swift */,
				5DF687722AFC42FA00F67521 /* GroupCreateView.swift */,
				5DF687732AFC42FA00F67521 /* UsersViewModel.swift */,
			);
			path = Users;
			sourceTree = "<group>";
		};
		5DF687792AFC431A00F67521 /* Utils */ = {
			isa = PBXGroup;
			children = (
				5DF6877A2AFC431A00F67521 /* Constants.swift */,
				5DF6877B2AFC431A00F67521 /* Utils.swift */,
				5DF6877C2AFC431A00F67521 /* NetworkMonitor.swift */,
			);
			path = Utils;
			sourceTree = "<group>";
		};
		5DF687802AFC432B00F67521 /* Managers */ = {
			isa = PBXGroup;
			children = (
				5DF687822AFC432B00F67521 /* UploadingManager.swift */,
				5DF687832AFC432B00F67521 /* SessionManager.swift */,
				5DF687842AFC432B00F67521 /* DataStorageManager.swift */,
			);
			path = Managers;
			sourceTree = "<group>";
		};
		5DF687892AFC438600F67521 /* Conversation */ = {
			isa = PBXGroup;
			children = (
				5DF6878A2AFC438600F67521 /* ConversationView.swift */,
				5DF6878B2AFC438600F67521 /* ConversationViewModel.swift */,
			);
			path = Conversation;
			sourceTree = "<group>";
		};
		5DF6878E2AFC43AC00F67521 /* Conversations */ = {
			isa = PBXGroup;
			children = (
				5DF6878F2AFC43AC00F67521 /* ConversationsView.swift */,
				5DF687902AFC43AC00F67521 /* ConversationsViewModel.swift */,
			);
			path = Conversations;
			sourceTree = "<group>";
		};
		5DF687932AFC446A00F67521 /* Views */ = {
			isa = PBXGroup;
			children = (
				5DF687942AFC446A00F67521 /* ActivityIndicator.swift */,
				5DF687952AFC446A00F67521 /* CustomTextField.swift */,
				5DF687962AFC446A00F67521 /* AvatarView.swift */,
				5DF687972AFC446A00F67521 /* SearchField.swift */,
				5DF687982AFC446A00F67521 /* ButtonStyle.swift */,
			);
			path = Views;
			sourceTree = "<group>";
		};
		737EE0ECBE76A7F362A43080 /* iOS */ = {
			isa = PBXGroup;
			children = (
				F856CEF8D84C86843A97DAF6 /* Foundation.framework */,
			);
			name = iOS;
			sourceTree = "<group>";
		};
		7C340C074668FB872D0E5C7B /* OneSignalNotificationServiceExtension */ = {
			isa = PBXGroup;
			children = (
				4311B79F9E9A1D905661A3CE /* NotificationService.swift */,
				CB99BF7D97ADB6F921D6BDDB /* Info.plist */,
				F564EBAAC0B88F392E73F722 /* OneSignalNotificationServiceExtension.entitlements */,
			);
			name = OneSignalNotificationServiceExtension;
			sourceTree = "<group>";
		};
/* End PBXGroup section */

/* Begin PBXNativeTarget section */
		5D4FC22B2A429FC000807F7F /* Mac Genius */ = {
			isa = PBXNativeTarget;
			buildConfigurationList = 5D4FC2382A429FC100807F7F /* Build configuration list for PBXNativeTarget "Mac Genius" */;
			buildPhases = (
				5D4FC2282A429FC000807F7F /* Sources */,
				5D4FC2292A429FC000807F7F /* Frameworks */,
				5D4FC22A2A429FC000807F7F /* Resources */,
			);
			buildRules = (
			);
			dependencies = (
			);
			name = "Mac Genius";
			packageProductDependencies = (
				5D4FC23B2A42A07D00807F7F /* FirebaseFirestore */,
			);
			productName = "Mac Genius";
			productReference = 5D4FC22C2A429FC000807F7F /* Mac Genius.app */;
			productType = "com.apple.product-type.application";
		};
		5D949C7429ECB52B00CACEA0 /* GeekGenius */ = {
			isa = PBXNativeTarget;
			buildConfigurationList = 5D949C8329ECB53200CACEA0 /* Build configuration list for PBXNativeTarget "GeekGenius" */;
			buildPhases = (
				5D949C7129ECB52B00CACEA0 /* Sources */,
				5D949C7229ECB52B00CACEA0 /* Frameworks */,
				5D949C7329ECB52B00CACEA0 /* Resources */,
				76D2F6B95483C817314CD21C /* Embed Foundation Extensions */,
			);
			buildRules = (
			);
			dependencies = (
				43BDC5E01A8D0D122BB99F00 /* PBXTargetDependency */,
				5DBBE55D2AD10CA000B79E9B /* PBXTargetDependency */,
			);
			name = GeekGenius;
			packageProductDependencies = (
				5D949C9729ECBFC500CACEA0 /* FirebaseAuth */,
				5D949CAA29EF906800CACEA0 /* FirebaseFirestoreSwift */,
				5D117EF929F1F92A00812526 /* FirebaseFirestore */,
				5DA5069529F4F81D00A00B99 /* FirebaseStorage */,
				5D124F4E2A06F5AA008EDB06 /* YouTubeiOSPlayerHelper */,
				5DB291922A22EFFE004F50FB /* Reachability */,
				5D0EFD292A2BC9E5001C1618 /* SwiftyStoreKit */,
				5D56B78A2A4BEEAD00637765 /* FirebaseMessaging */,
				5DDDDE152A611C0200C766A3 /* FirebaseAnalytics */,
				5DDDDE192A611C0200C766A3 /* FirebaseAnalyticsSwift */,
				2A64E7BA4B8CF633EA4B5521 /* OneSignal */,
				5DF6879F2AFC44CB00F67521 /* CachedAsyncImage */,
				5D0042892AFEE53E00C6AE9D /* ExyteChat */,
				5DBAD91D2B06EB4300DA0C32 /* KeychainSwift */,
			);
			productName = GeekGenius;
			productReference = 5D949C7529ECB52B00CACEA0 /* GeekGenius.app */;
			productType = "com.apple.product-type.application";
		};
		5DBBE54E2AD10C9F00B79E9B /* NewVideoWidgetExtension */ = {
			isa = PBXNativeTarget;
			buildConfigurationList = 5DBBE5612AD10CA000B79E9B /* Build configuration list for PBXNativeTarget "NewVideoWidgetExtension" */;
			buildPhases = (
				5DBBE54B2AD10C9F00B79E9B /* Sources */,
				5DBBE54C2AD10C9F00B79E9B /* Frameworks */,
				5DBBE54D2AD10C9F00B79E9B /* Resources */,
			);
			buildRules = (
			);
			dependencies = (
			);
			name = NewVideoWidgetExtension;
			packageProductDependencies = (
				5DBBE5622AD10F8E00B79E9B /* FirebaseFirestore */,
			);
			productName = NewVideoWidgetExtension;
			productReference = 5DBBE54F2AD10C9F00B79E9B /* NewVideoWidgetExtension.appex */;
			productType = "com.apple.product-type.app-extension";
		};
		A0F62CD462EB213196312C14 /* OneSignalNotificationServiceExtension */ = {
			isa = PBXNativeTarget;
			buildConfigurationList = EBDC6709708B47A558B6A605 /* Build configuration list for PBXNativeTarget "OneSignalNotificationServiceExtension" */;
			buildPhases = (
				7EE6D51E72B4EDB06A5E0DA8 /* Sources */,
				A8ECD9B21104BE4E4834D656 /* Frameworks */,
				FA5BFDAE100936B1883947A3 /* Resources */,
			);
			buildRules = (
			);
			dependencies = (
			);
			name = OneSignalNotificationServiceExtension;
			productName = OneSignalNotificationServiceExtension;
			productReference = 8A355B73482DC90D8C876227 /* OneSignalNotificationServiceExtension.appex */;
			productType = "com.apple.product-type.app-extension";
		};
/* End PBXNativeTarget section */

/* Begin PBXProject section */
		5D949C6D29ECB52B00CACEA0 /* Project object */ = {
			isa = PBXProject;
			attributes = {
				BuildIndependentTargetsInParallel = 1;
				KnownAssetTags = (
					New,
				);
				LastSwiftUpdateCheck = 1510;
				LastUpgradeCheck = 1510;
				TargetAttributes = {
					5D4FC22B2A429FC000807F7F = {
						CreatedOnToolsVersion = 15.0;
					};
					5D949C7429ECB52B00CACEA0 = {
						CreatedOnToolsVersion = 14.3;
					};
					5DBBE54E2AD10C9F00B79E9B = {
						CreatedOnToolsVersion = 15.1;
					};
				};
			};
			buildConfigurationList = 5D949C7029ECB52B00CACEA0 /* Build configuration list for PBXProject "GeekGenius" */;
			compatibilityVersion = "Xcode 14.0";
			developmentRegion = en;
			hasScannedForEncodings = 0;
			knownRegions = (
				en,
				Base,
			);
			mainGroup = 5D949C6C29ECB52B00CACEA0;
			packageReferences = (
				5D949C9629ECBFC500CACEA0 /* XCRemoteSwiftPackageReference "firebase-ios-sdk" */,
				5D124F4D2A06F5AA008EDB06 /* XCRemoteSwiftPackageReference "youtube-ios-player-helper" */,
				5DB291912A22EFFD004F50FB /* XCRemoteSwiftPackageReference "Reachability" */,
				5D0EFD282A2BC9E4001C1618 /* XCRemoteSwiftPackageReference "SwiftyStoreKit" */,
				CAB5229FC65005D199393B86 /* XCRemoteSwiftPackageReference "OneSignal-XCFramework" */,
				5DF6879E2AFC44CB00F67521 /* XCRemoteSwiftPackageReference "swiftui-cached-async-image" */,
				5D0042882AFEE53E00C6AE9D /* XCRemoteSwiftPackageReference "Chat" */,
				5DBAD91C2B06EB4300DA0C32 /* XCRemoteSwiftPackageReference "keychain-swift" */,
			);
			productRefGroup = 5D949C7629ECB52B00CACEA0 /* Products */;
			projectDirPath = "";
			projectRoot = "";
			targets = (
				5D949C7429ECB52B00CACEA0 /* GeekGenius */,
				5D4FC22B2A429FC000807F7F /* Mac Genius */,
				A0F62CD462EB213196312C14 /* OneSignalNotificationServiceExtension */,
				5DBBE54E2AD10C9F00B79E9B /* NewVideoWidgetExtension */,
			);
		};
/* End PBXProject section */

/* Begin PBXResourcesBuildPhase section */
		5D4FC22A2A429FC000807F7F /* Resources */ = {
			isa = PBXResourcesBuildPhase;
			buildActionMask = 2147483647;
			files = (
				5DD83A432A8B3C14009D5129 /* GoogleService-Info.plist in Resources */,
				5D4FC2362A429FC100807F7F /* Preview Assets.xcassets in Resources */,
				5D4FC2332A429FC100807F7F /* Assets.xcassets in Resources */,
			);
			runOnlyForDeploymentPostprocessing = 0;
		};
		5D949C7329ECB52B00CACEA0 /* Resources */ = {
			isa = PBXResourcesBuildPhase;
			buildActionMask = 2147483647;
			files = (
				5D949C8029ECB53200CACEA0 /* Preview Assets.xcassets in Resources */,
				5D3572BC2A6C870600AC5208 /* Assets.xcassets in Resources */,
				5D3572692A6C869E00AC5208 /* MyTipJarStoreKitConfig.storekit in Resources */,
				5D3572BD2A6C870600AC5208 /* GoogleService-Info.plist in Resources */,
			);
			runOnlyForDeploymentPostprocessing = 0;
		};
		5DBBE54D2AD10C9F00B79E9B /* Resources */ = {
			isa = PBXResourcesBuildPhase;
			buildActionMask = 2147483647;
			files = (
				5DBBE55A2AD10CA000B79E9B /* Assets.xcassets in Resources */,
				5DBBE56A2AD1144700B79E9B /* GoogleService-Info.plist in Resources */,
			);
			runOnlyForDeploymentPostprocessing = 0;
		};
		FA5BFDAE100936B1883947A3 /* Resources */ = {
			isa = PBXResourcesBuildPhase;
			buildActionMask = 2147483647;
			files = (
			);
			runOnlyForDeploymentPostprocessing = 0;
		};
/* End PBXResourcesBuildPhase section */

/* Begin PBXSourcesBuildPhase section */
		5D4FC2282A429FC000807F7F /* Sources */ = {
			isa = PBXSourcesBuildPhase;
			buildActionMask = 2147483647;
			files = (
				5D4FC2312A429FC000807F7F /* ContentView.swift in Sources */,
				5DD83A452A8C4E29009D5129 /* test.swift in Sources */,
				5D4FC22F2A429FC000807F7F /* Mac_GeniusApp.swift in Sources */,
			);
			runOnlyForDeploymentPostprocessing = 0;
		};
		5D949C7129ECB52B00CACEA0 /* Sources */ = {
			isa = PBXSourcesBuildPhase;
			buildActionMask = 2147483647;
			files = (
				5D3572B42A6C86FD00AC5208 /* LibraryView.swift in Sources */,
				5DF6877D2AFC431A00F67521 /* Constants.swift in Sources */,
				5D3572AD2A6C86FD00AC5208 /* YouTubeVideoView.swift in Sources */,
				5D3572AE2A6C86FD00AC5208 /* ChangePasswordView.swift in Sources */,
				5D3572902A6C86DF00AC5208 /* RemoteImage.swift in Sources */,
				5DF6877E2AFC431A00F67521 /* Utils.swift in Sources */,
				5D3572AB2A6C86FD00AC5208 /* SubscriptionInfoView.swift in Sources */,
				5D35726A2A6C869E00AC5208 /* AppDelegate.swift in Sources */,
				5D3572A92A6C86FD00AC5208 /* AboutView.swift in Sources */,
				5D3572B02A6C86FD00AC5208 /* LoginView.swift in Sources */,
				5DF6879C2AFC446A00F67521 /* SearchField.swift in Sources */,
				5DF6876E2AFC42BB00F67521 /* Conversation.swift in Sources */,
				5D3572AA2A6C86FD00AC5208 /* SettingsView.swift in Sources */,
				5D3572B52A6C86FD00AC5208 /* UpdatedSubscriptionInfoView.swift in Sources */,
				5DF687882AFC432B00F67521 /* DataStorageManager.swift in Sources */,
				5D35728F2A6C86DF00AC5208 /* OverlayView.swift in Sources */,
				5DEF79402ABD1CD500DA7195 /* ProfileDetailView.swift in Sources */,
				5DF687862AFC432B00F67521 /* UploadingManager.swift in Sources */,
				5D3572972A6C86DF00AC5208 /* TipStore.swift in Sources */,
				5DF687992AFC446A00F67521 /* ActivityIndicator.swift in Sources */,
				5D3572942A6C86DF00AC5208 /* TipJar.swift in Sources */,
				5DCD4A8C2B057A5100B512F3 /* ReviewSurvey.swift in Sources */,
				5DF6877F2AFC431A00F67521 /* NetworkMonitor.swift in Sources */,
				5D3572B62A6C86FD00AC5208 /* MainView.swift in Sources */,
				5DF6879D2AFC446A00F67521 /* ButtonStyle.swift in Sources */,
				5DF6878D2AFC438600F67521 /* ConversationViewModel.swift in Sources */,
				5DA881BD2B0F009E00CC0071 /* AlertWrapper.swift in Sources */,
				5D3572912A6C86DF00AC5208 /* MvProductsids.swift in Sources */,
				5D3572962A6C86DF00AC5208 /* URLImageCache.swift in Sources */,
				5DF687762AFC42FA00F67521 /* GroupCreateView.swift in Sources */,
				5D3572932A6C86DF00AC5208 /* SearchBar.swift in Sources */,
				5D3572B22A6C86FD00AC5208 /* HomeView.swift in Sources */,
				5D3572AC2A6C86FD00AC5208 /* ProfileView.swift in Sources */,
				5DCD4A8E2B057B6200B512F3 /* SurveyView.swift in Sources */,
				5DF687912AFC43AC00F67521 /* ConversationsView.swift in Sources */,
				5D35728E2A6C86DF00AC5208 /* AppState.swift in Sources */,
				5DF687872AFC432B00F67521 /* SessionManager.swift in Sources */,
				5D35726D2A6C869E00AC5208 /* GeekGeniusApp.swift in Sources */,
				5DF6879A2AFC446A00F67521 /* CustomTextField.swift in Sources */,
				5DF687922AFC43AC00F67521 /* ConversationsViewModel.swift in Sources */,
				5D3572922A6C86DF00AC5208 /* ImagePicker.swift in Sources */,
				5DF687772AFC42FA00F67521 /* UsersViewModel.swift in Sources */,
				5D3572952A6C86DF00AC5208 /* UserSettings.swift in Sources */,
				5DF687752AFC42FA00F67521 /* UsersView.swift in Sources */,
				5D3572B72A6C86FD00AC5208 /* SignupView.swift in Sources */,
				5D3572B12A6C86FD00AC5208 /* OthersView.swift in Sources */,
				5D35726B2A6C869E00AC5208 /* OnboardingView.swift in Sources */,
				5D6242B62AF30FC800F7EBA0 /* FutureChatView.swift in Sources */,
				5D3572B32A6C86FD00AC5208 /* TestView.swift in Sources */,
				5DF6876F2AFC42BB00F67521 /* FirestoreMessage.swift in Sources */,
				5DF687692AFC3EF900F67521 /* MainChatView.swift in Sources */,
				5DF6879B2AFC446A00F67521 /* AvatarView.swift in Sources */,
				5DDB60DA2B200C990089E6DB /* GroupSelectUsersView.swift in Sources */,
				5DA881BB2B0EFA8A00CC0071 /* ChatIntroductionView.swift in Sources */,
				5DF6878C2AFC438600F67521 /* ConversationView.swift in Sources */,
			);
			runOnlyForDeploymentPostprocessing = 0;
		};
		5DBBE54B2AD10C9F00B79E9B /* Sources */ = {
			isa = PBXSourcesBuildPhase;
			buildActionMask = 2147483647;
			files = (
				5DBBE5582AD10C9F00B79E9B /* NewVideoWidget.swift in Sources */,
				5DBBE5562AD10C9F00B79E9B /* NewVideoWidgetBundle.swift in Sources */,
			);
			runOnlyForDeploymentPostprocessing = 0;
		};
		7EE6D51E72B4EDB06A5E0DA8 /* Sources */ = {
			isa = PBXSourcesBuildPhase;
			buildActionMask = 2147483647;
			files = (
				65EA6A2A60ED395B6351F6B5 /* NotificationService.swift in Sources */,
			);
			runOnlyForDeploymentPostprocessing = 0;
		};
/* End PBXSourcesBuildPhase section */

/* Begin PBXTargetDependency section */
		43BDC5E01A8D0D122BB99F00 /* PBXTargetDependency */ = {
			isa = PBXTargetDependency;
			name = OneSignalNotificationServiceExtension;
			target = A0F62CD462EB213196312C14 /* OneSignalNotificationServiceExtension */;
			targetProxy = 08B0EA7AFEDE9F4BCC957940 /* PBXContainerItemProxy */;
		};
		5DBBE55D2AD10CA000B79E9B /* PBXTargetDependency */ = {
			isa = PBXTargetDependency;
			target = 5DBBE54E2AD10C9F00B79E9B /* NewVideoWidgetExtension */;
			targetProxy = 5DBBE55C2AD10CA000B79E9B /* PBXContainerItemProxy */;
		};
/* End PBXTargetDependency section */

/* Begin XCBuildConfiguration section */
		3607366FF09C130935B7FB65 /* Debug */ = {
			isa = XCBuildConfiguration;
			buildSettings = {
				CLANG_ENABLE_OBJC_WEAK = NO;
				CODE_SIGN_ENTITLEMENTS = OneSignalNotificationServiceExtension/OneSignalNotificationServiceExtension.entitlements;
				DEVELOPMENT_TEAM = KWPLDAY8SD;
				INFOPLIST_FILE = OneSignalNotificationServiceExtension/Info.plist;
				IPHONEOS_DEPLOYMENT_TARGET = 16.0;
				LD_RUNPATH_SEARCH_PATHS = (
					"$(inherited)",
					"@executable_path/Frameworks",
					"@executable_path/../../Frameworks",
				);
				PRODUCT_BUNDLE_IDENTIFIER = com.oggroup.GeekGenius.OneSignalNotificationServiceExtension;
				PRODUCT_NAME = OneSignalNotificationServiceExtension;
				SDKROOT = iphoneos;
				SWIFT_VERSION = 5.0;
				TARGETED_DEVICE_FAMILY = 1;
			};
			name = Debug;
		};
		5D4FC2392A429FC100807F7F /* Debug */ = {
			isa = XCBuildConfiguration;
			buildSettings = {
				ASSETCATALOG_COMPILER_APPICON_NAME = AppIcon;
				ASSETCATALOG_COMPILER_GENERATE_SWIFT_ASSET_SYMBOL_EXTENSIONS = YES;
				ASSETCATALOG_COMPILER_GLOBAL_ACCENT_COLOR_NAME = AccentColor;
				CODE_SIGN_ENTITLEMENTS = "Mac Genius/Mac_Genius.entitlements";
				CODE_SIGN_STYLE = Automatic;
				COMBINE_HIDPI_IMAGES = YES;
				CURRENT_PROJECT_VERSION = 1;
				DEAD_CODE_STRIPPING = YES;
				DEVELOPMENT_ASSET_PATHS = "\"Mac Genius/Preview Content\"";
				DEVELOPMENT_TEAM = KWPLDAY8SD;
				ENABLE_HARDENED_RUNTIME = YES;
				ENABLE_PREVIEWS = YES;
				ENABLE_USER_SCRIPT_SANDBOXING = YES;
				GCC_C_LANGUAGE_STANDARD = gnu17;
				GENERATE_INFOPLIST_FILE = YES;
				INFOPLIST_KEY_NSHumanReadableCopyright = "";
				LD_RUNPATH_SEARCH_PATHS = (
					"$(inherited)",
					"@executable_path/../Frameworks",
				);
				LOCALIZATION_PREFERS_STRING_CATALOGS = YES;
				MACOSX_DEPLOYMENT_TARGET = 13.4;
				MARKETING_VERSION = 1.0;
				PRODUCT_BUNDLE_IDENTIFIER = "com.oggroup.Mac-Genius";
				PRODUCT_NAME = "$(TARGET_NAME)";
				SDKROOT = macosx;
				SWIFT_ACTIVE_COMPILATION_CONDITIONS = "DEBUG $(inherited)";
				SWIFT_EMIT_LOC_STRINGS = YES;
				SWIFT_VERSION = 5.0;
			};
			name = Debug;
		};
		5D4FC23A2A429FC100807F7F /* Release */ = {
			isa = XCBuildConfiguration;
			buildSettings = {
				ASSETCATALOG_COMPILER_APPICON_NAME = AppIcon;
				ASSETCATALOG_COMPILER_GENERATE_SWIFT_ASSET_SYMBOL_EXTENSIONS = YES;
				ASSETCATALOG_COMPILER_GLOBAL_ACCENT_COLOR_NAME = AccentColor;
				CODE_SIGN_ENTITLEMENTS = "Mac Genius/Mac_Genius.entitlements";
				CODE_SIGN_STYLE = Automatic;
				COMBINE_HIDPI_IMAGES = YES;
				CURRENT_PROJECT_VERSION = 1;
				DEAD_CODE_STRIPPING = YES;
				DEVELOPMENT_ASSET_PATHS = "\"Mac Genius/Preview Content\"";
				DEVELOPMENT_TEAM = KWPLDAY8SD;
				ENABLE_HARDENED_RUNTIME = YES;
				ENABLE_PREVIEWS = YES;
				ENABLE_USER_SCRIPT_SANDBOXING = YES;
				GCC_C_LANGUAGE_STANDARD = gnu17;
				GENERATE_INFOPLIST_FILE = YES;
				INFOPLIST_KEY_NSHumanReadableCopyright = "";
				LD_RUNPATH_SEARCH_PATHS = (
					"$(inherited)",
					"@executable_path/../Frameworks",
				);
				LOCALIZATION_PREFERS_STRING_CATALOGS = YES;
				MACOSX_DEPLOYMENT_TARGET = 13.4;
				MARKETING_VERSION = 1.0;
				PRODUCT_BUNDLE_IDENTIFIER = "com.oggroup.Mac-Genius";
				PRODUCT_NAME = "$(TARGET_NAME)";
				SDKROOT = macosx;
				SWIFT_EMIT_LOC_STRINGS = YES;
				SWIFT_VERSION = 5.0;
			};
			name = Release;
		};
		5D949C8129ECB53200CACEA0 /* Debug */ = {
			isa = XCBuildConfiguration;
			buildSettings = {
				ALWAYS_SEARCH_USER_PATHS = NO;
				ASSETCATALOG_COMPILER_GENERATE_SWIFT_ASSET_SYMBOL_EXTENSIONS = YES;
				CLANG_ANALYZER_NONNULL = YES;
				CLANG_ANALYZER_NUMBER_OBJECT_CONVERSION = YES_AGGRESSIVE;
				CLANG_CXX_LANGUAGE_STANDARD = "gnu++20";
				CLANG_ENABLE_MODULES = YES;
				CLANG_ENABLE_OBJC_ARC = YES;
				CLANG_ENABLE_OBJC_WEAK = YES;
				CLANG_WARN_BLOCK_CAPTURE_AUTORELEASING = YES;
				CLANG_WARN_BOOL_CONVERSION = YES;
				CLANG_WARN_COMMA = YES;
				CLANG_WARN_CONSTANT_CONVERSION = YES;
				CLANG_WARN_DEPRECATED_OBJC_IMPLEMENTATIONS = YES;
				CLANG_WARN_DIRECT_OBJC_ISA_USAGE = YES_ERROR;
				CLANG_WARN_DOCUMENTATION_COMMENTS = YES;
				CLANG_WARN_EMPTY_BODY = YES;
				CLANG_WARN_ENUM_CONVERSION = YES;
				CLANG_WARN_INFINITE_RECURSION = YES;
				CLANG_WARN_INT_CONVERSION = YES;
				CLANG_WARN_NON_LITERAL_NULL_CONVERSION = YES;
				CLANG_WARN_OBJC_IMPLICIT_RETAIN_SELF = YES;
				CLANG_WARN_OBJC_LITERAL_CONVERSION = YES;
				CLANG_WARN_OBJC_ROOT_CLASS = YES_ERROR;
				CLANG_WARN_QUOTED_INCLUDE_IN_FRAMEWORK_HEADER = YES;
				CLANG_WARN_RANGE_LOOP_ANALYSIS = YES;
				CLANG_WARN_STRICT_PROTOTYPES = YES;
				CLANG_WARN_SUSPICIOUS_MOVE = YES;
				CLANG_WARN_UNGUARDED_AVAILABILITY = YES_AGGRESSIVE;
				CLANG_WARN_UNREACHABLE_CODE = YES;
				CLANG_WARN__DUPLICATE_METHOD_MATCH = YES;
				COPY_PHASE_STRIP = NO;
				DEBUG_INFORMATION_FORMAT = dwarf;
				ENABLE_STRICT_OBJC_MSGSEND = YES;
				ENABLE_TESTABILITY = YES;
				GCC_C_LANGUAGE_STANDARD = gnu11;
				GCC_DYNAMIC_NO_PIC = NO;
				GCC_NO_COMMON_BLOCKS = YES;
				GCC_OPTIMIZATION_LEVEL = 0;
				GCC_PREPROCESSOR_DEFINITIONS = (
					"DEBUG=1",
					"$(inherited)",
				);
				GCC_WARN_64_TO_32_BIT_CONVERSION = YES;
				GCC_WARN_ABOUT_RETURN_TYPE = YES_ERROR;
				GCC_WARN_UNDECLARED_SELECTOR = YES;
				GCC_WARN_UNINITIALIZED_AUTOS = YES_AGGRESSIVE;
				GCC_WARN_UNUSED_FUNCTION = YES;
				GCC_WARN_UNUSED_VARIABLE = YES;
				IPHONEOS_DEPLOYMENT_TARGET = 16.6;
				MTL_ENABLE_DEBUG_INFO = INCLUDE_SOURCE;
				MTL_FAST_MATH = YES;
				ONLY_ACTIVE_ARCH = YES;
				SDKROOT = iphoneos;
				SWIFT_ACTIVE_COMPILATION_CONDITIONS = DEBUG;
				SWIFT_OPTIMIZATION_LEVEL = "-Onone";
			};
			name = Debug;
		};
		5D949C8229ECB53200CACEA0 /* Release */ = {
			isa = XCBuildConfiguration;
			buildSettings = {
				ALWAYS_SEARCH_USER_PATHS = NO;
				ASSETCATALOG_COMPILER_GENERATE_SWIFT_ASSET_SYMBOL_EXTENSIONS = YES;
				CLANG_ANALYZER_NONNULL = YES;
				CLANG_ANALYZER_NUMBER_OBJECT_CONVERSION = YES_AGGRESSIVE;
				CLANG_CXX_LANGUAGE_STANDARD = "gnu++20";
				CLANG_ENABLE_MODULES = YES;
				CLANG_ENABLE_OBJC_ARC = YES;
				CLANG_ENABLE_OBJC_WEAK = YES;
				CLANG_WARN_BLOCK_CAPTURE_AUTORELEASING = YES;
				CLANG_WARN_BOOL_CONVERSION = YES;
				CLANG_WARN_COMMA = YES;
				CLANG_WARN_CONSTANT_CONVERSION = YES;
				CLANG_WARN_DEPRECATED_OBJC_IMPLEMENTATIONS = YES;
				CLANG_WARN_DIRECT_OBJC_ISA_USAGE = YES_ERROR;
				CLANG_WARN_DOCUMENTATION_COMMENTS = YES;
				CLANG_WARN_EMPTY_BODY = YES;
				CLANG_WARN_ENUM_CONVERSION = YES;
				CLANG_WARN_INFINITE_RECURSION = YES;
				CLANG_WARN_INT_CONVERSION = YES;
				CLANG_WARN_NON_LITERAL_NULL_CONVERSION = YES;
				CLANG_WARN_OBJC_IMPLICIT_RETAIN_SELF = YES;
				CLANG_WARN_OBJC_LITERAL_CONVERSION = YES;
				CLANG_WARN_OBJC_ROOT_CLASS = YES_ERROR;
				CLANG_WARN_QUOTED_INCLUDE_IN_FRAMEWORK_HEADER = YES;
				CLANG_WARN_RANGE_LOOP_ANALYSIS = YES;
				CLANG_WARN_STRICT_PROTOTYPES = YES;
				CLANG_WARN_SUSPICIOUS_MOVE = YES;
				CLANG_WARN_UNGUARDED_AVAILABILITY = YES_AGGRESSIVE;
				CLANG_WARN_UNREACHABLE_CODE = YES;
				CLANG_WARN__DUPLICATE_METHOD_MATCH = YES;
				COPY_PHASE_STRIP = NO;
				DEBUG_INFORMATION_FORMAT = "dwarf-with-dsym";
				ENABLE_NS_ASSERTIONS = NO;
				ENABLE_STRICT_OBJC_MSGSEND = YES;
				GCC_C_LANGUAGE_STANDARD = gnu11;
				GCC_NO_COMMON_BLOCKS = YES;
				GCC_WARN_64_TO_32_BIT_CONVERSION = YES;
				GCC_WARN_ABOUT_RETURN_TYPE = YES_ERROR;
				GCC_WARN_UNDECLARED_SELECTOR = YES;
				GCC_WARN_UNINITIALIZED_AUTOS = YES_AGGRESSIVE;
				GCC_WARN_UNUSED_FUNCTION = YES;
				GCC_WARN_UNUSED_VARIABLE = YES;
				IPHONEOS_DEPLOYMENT_TARGET = 16.6;
				MTL_ENABLE_DEBUG_INFO = NO;
				MTL_FAST_MATH = YES;
				SDKROOT = iphoneos;
				SWIFT_COMPILATION_MODE = wholemodule;
				SWIFT_OPTIMIZATION_LEVEL = "-O";
				VALIDATE_PRODUCT = YES;
			};
			name = Release;
		};
		5D949C8429ECB53200CACEA0 /* Debug */ = {
			isa = XCBuildConfiguration;
			buildSettings = {
				ALWAYS_EMBED_SWIFT_STANDARD_LIBRARIES = YES;
				ASSETCATALOG_COMPILER_APPICON_NAME = AppIcon;
				ASSETCATALOG_COMPILER_GLOBAL_ACCENT_COLOR_NAME = AccentColor;
				CODE_SIGN_ENTITLEMENTS = GeekGenius/Core/GeekGenius.entitlements;
				CODE_SIGN_STYLE = Automatic;
				CURRENT_PROJECT_VERSION = 1;
				DEVELOPMENT_ASSET_PATHS = "\"GeekGenius/Preview Content\"";
				DEVELOPMENT_TEAM = KWPLDAY8SD;
				ENABLE_PREVIEWS = YES;
				GENERATE_INFOPLIST_FILE = YES;
				INFOPLIST_FILE = GeekGenius/Core/Info.plist;
				INFOPLIST_KEY_LSApplicationCategoryType = "public.app-category.education";
				INFOPLIST_KEY_NSCameraUsageDescription = "GeekGenius needs access to your camara in order take and record photo and video messages.";
				INFOPLIST_KEY_NSLocationWhenInUseUsageDescription = "Please deny this request this SHOULD NEVER happen";
				INFOPLIST_KEY_NSMicrophoneUsageDescription = "GeekGenius needs your microphone in order to record audio messages.";
				INFOPLIST_KEY_NSPhotoLibraryUsageDescription = "GeekGenius needs access to your photo library in order to send photo and video messages.";
				INFOPLIST_KEY_UIApplicationSupportsIndirectInputEvents = YES;
				INFOPLIST_KEY_UILaunchScreen_Generation = YES;
				INFOPLIST_KEY_UISupportedInterfaceOrientations_iPad = "UIInterfaceOrientationPortrait UIInterfaceOrientationPortraitUpsideDown UIInterfaceOrientationLandscapeLeft UIInterfaceOrientationLandscapeRight";
				INFOPLIST_KEY_UISupportedInterfaceOrientations_iPhone = "UIInterfaceOrientationPortrait UIInterfaceOrientationLandscapeLeft UIInterfaceOrientationLandscapeRight";
				IPHONEOS_DEPLOYMENT_TARGET = 16.0;
				LD_RUNPATH_SEARCH_PATHS = (
					"$(inherited)",
					"@executable_path/Frameworks",
				);
				MARKETING_VERSION = 1.3;
				PRODUCT_BUNDLE_IDENTIFIER = com.oggroup.GeekGenius;
				PRODUCT_NAME = "$(TARGET_NAME)";
				SUPPORTED_PLATFORMS = "iphoneos iphonesimulator";
				SUPPORTS_MACCATALYST = NO;
				SUPPORTS_MAC_DESIGNED_FOR_IPHONE_IPAD = YES;
				SWIFT_EMIT_LOC_STRINGS = YES;
				SWIFT_VERSION = 5.0;
				TARGETED_DEVICE_FAMILY = 1;
			};
			name = Debug;
		};
		5D949C8529ECB53200CACEA0 /* Release */ = {
			isa = XCBuildConfiguration;
			buildSettings = {
				ALWAYS_EMBED_SWIFT_STANDARD_LIBRARIES = YES;
				ASSETCATALOG_COMPILER_APPICON_NAME = AppIcon;
				ASSETCATALOG_COMPILER_GLOBAL_ACCENT_COLOR_NAME = AccentColor;
				CODE_SIGN_ENTITLEMENTS = GeekGenius/GeekGeniusRelease.entitlements;
				CODE_SIGN_STYLE = Automatic;
				CURRENT_PROJECT_VERSION = 1;
				DEVELOPMENT_ASSET_PATHS = "\"GeekGenius/Preview Content\"";
				DEVELOPMENT_TEAM = KWPLDAY8SD;
				ENABLE_PREVIEWS = YES;
				GENERATE_INFOPLIST_FILE = YES;
				INFOPLIST_FILE = GeekGenius/Core/Info.plist;
				INFOPLIST_KEY_LSApplicationCategoryType = "public.app-category.education";
				INFOPLIST_KEY_NSCameraUsageDescription = "GeekGenius needs access to your camara in order take and record photo and video messages.";
				INFOPLIST_KEY_NSLocationWhenInUseUsageDescription = "Please deny this request this SHOULD NEVER happen";
				INFOPLIST_KEY_NSMicrophoneUsageDescription = "GeekGenius needs your microphone in order to record audio messages.";
				INFOPLIST_KEY_NSPhotoLibraryUsageDescription = "GeekGenius needs access to your photo library in order to send photo and video messages.";
				INFOPLIST_KEY_UIApplicationSupportsIndirectInputEvents = YES;
				INFOPLIST_KEY_UILaunchScreen_Generation = YES;
				INFOPLIST_KEY_UISupportedInterfaceOrientations_iPad = "UIInterfaceOrientationPortrait UIInterfaceOrientationPortraitUpsideDown UIInterfaceOrientationLandscapeLeft UIInterfaceOrientationLandscapeRight";
				INFOPLIST_KEY_UISupportedInterfaceOrientations_iPhone = "UIInterfaceOrientationPortrait UIInterfaceOrientationLandscapeLeft UIInterfaceOrientationLandscapeRight";
				IPHONEOS_DEPLOYMENT_TARGET = 16.0;
				LD_RUNPATH_SEARCH_PATHS = (
					"$(inherited)",
					"@executable_path/Frameworks",
				);
				MARKETING_VERSION = 1.3;
				PRODUCT_BUNDLE_IDENTIFIER = com.oggroup.GeekGenius;
				PRODUCT_NAME = "$(TARGET_NAME)";
				SUPPORTED_PLATFORMS = "iphoneos iphonesimulator";
				SUPPORTS_MACCATALYST = NO;
				SUPPORTS_MAC_DESIGNED_FOR_IPHONE_IPAD = YES;
				SWIFT_EMIT_LOC_STRINGS = YES;
				SWIFT_VERSION = 5.0;
				TARGETED_DEVICE_FAMILY = 1;
			};
			name = Release;
		};
		5DBBE55F2AD10CA000B79E9B /* Debug */ = {
			isa = XCBuildConfiguration;
			buildSettings = {
				ASSETCATALOG_COMPILER_GLOBAL_ACCENT_COLOR_NAME = AccentColor;
				ASSETCATALOG_COMPILER_WIDGET_BACKGROUND_COLOR_NAME = WidgetBackground;
				CODE_SIGN_STYLE = Automatic;
				CURRENT_PROJECT_VERSION = 1;
				DEVELOPMENT_TEAM = KWPLDAY8SD;
				ENABLE_USER_SCRIPT_SANDBOXING = YES;
				GCC_C_LANGUAGE_STANDARD = gnu17;
				GENERATE_INFOPLIST_FILE = YES;
				INFOPLIST_FILE = NewVideoWidget/Info.plist;
				INFOPLIST_KEY_CFBundleDisplayName = NewVideoWidget;
				INFOPLIST_KEY_NSHumanReadableCopyright = "";
				IPHONEOS_DEPLOYMENT_TARGET = 17.0;
				LD_RUNPATH_SEARCH_PATHS = (
					"$(inherited)",
					"@executable_path/Frameworks",
					"@executable_path/../../Frameworks",
				);
				LOCALIZATION_PREFERS_STRING_CATALOGS = YES;
				MARKETING_VERSION = 1.0;
				PRODUCT_BUNDLE_IDENTIFIER = com.oggroup.GeekGenius.NewVideoWidget;
				PRODUCT_NAME = "$(TARGET_NAME)";
				SKIP_INSTALL = YES;
				SWIFT_ACTIVE_COMPILATION_CONDITIONS = "DEBUG $(inherited)";
				SWIFT_EMIT_LOC_STRINGS = YES;
				SWIFT_VERSION = 5.0;
				TARGETED_DEVICE_FAMILY = "1,2";
			};
			name = Debug;
		};
		5DBBE5602AD10CA000B79E9B /* Release */ = {
			isa = XCBuildConfiguration;
			buildSettings = {
				ASSETCATALOG_COMPILER_GLOBAL_ACCENT_COLOR_NAME = AccentColor;
				ASSETCATALOG_COMPILER_WIDGET_BACKGROUND_COLOR_NAME = WidgetBackground;
				CODE_SIGN_STYLE = Automatic;
				CURRENT_PROJECT_VERSION = 1;
				DEVELOPMENT_TEAM = KWPLDAY8SD;
				ENABLE_USER_SCRIPT_SANDBOXING = YES;
				GCC_C_LANGUAGE_STANDARD = gnu17;
				GENERATE_INFOPLIST_FILE = YES;
				INFOPLIST_FILE = NewVideoWidget/Info.plist;
				INFOPLIST_KEY_CFBundleDisplayName = NewVideoWidget;
				INFOPLIST_KEY_NSHumanReadableCopyright = "";
				IPHONEOS_DEPLOYMENT_TARGET = 17.0;
				LD_RUNPATH_SEARCH_PATHS = (
					"$(inherited)",
					"@executable_path/Frameworks",
					"@executable_path/../../Frameworks",
				);
				LOCALIZATION_PREFERS_STRING_CATALOGS = YES;
				MARKETING_VERSION = 1.0;
				PRODUCT_BUNDLE_IDENTIFIER = com.oggroup.GeekGenius.NewVideoWidget;
				PRODUCT_NAME = "$(TARGET_NAME)";
				SKIP_INSTALL = YES;
				SWIFT_EMIT_LOC_STRINGS = YES;
				SWIFT_VERSION = 5.0;
				TARGETED_DEVICE_FAMILY = "1,2";
			};
			name = Release;
		};
		94113CC29CCCB5763D2715DB /* Release */ = {
			isa = XCBuildConfiguration;
			buildSettings = {
				CLANG_ENABLE_OBJC_WEAK = NO;
				CODE_SIGN_ENTITLEMENTS = OneSignalNotificationServiceExtension/OneSignalNotificationServiceExtension.entitlements;
				DEVELOPMENT_TEAM = KWPLDAY8SD;
				INFOPLIST_FILE = OneSignalNotificationServiceExtension/Info.plist;
				IPHONEOS_DEPLOYMENT_TARGET = 16.0;
				LD_RUNPATH_SEARCH_PATHS = (
					"$(inherited)",
					"@executable_path/Frameworks",
					"@executable_path/../../Frameworks",
				);
				PRODUCT_BUNDLE_IDENTIFIER = com.oggroup.GeekGenius.OneSignalNotificationServiceExtension;
				PRODUCT_NAME = OneSignalNotificationServiceExtension;
				SDKROOT = iphoneos;
				SWIFT_VERSION = 5.0;
				TARGETED_DEVICE_FAMILY = 1;
				VALIDATE_PRODUCT = YES;
			};
			name = Release;
		};
/* End XCBuildConfiguration section */

/* Begin XCConfigurationList section */
		5D4FC2382A429FC100807F7F /* Build configuration list for PBXNativeTarget "Mac Genius" */ = {
			isa = XCConfigurationList;
			buildConfigurations = (
				5D4FC2392A429FC100807F7F /* Debug */,
				5D4FC23A2A429FC100807F7F /* Release */,
			);
			defaultConfigurationIsVisible = 0;
			defaultConfigurationName = Release;
		};
		5D949C7029ECB52B00CACEA0 /* Build configuration list for PBXProject "GeekGenius" */ = {
			isa = XCConfigurationList;
			buildConfigurations = (
				5D949C8129ECB53200CACEA0 /* Debug */,
				5D949C8229ECB53200CACEA0 /* Release */,
			);
			defaultConfigurationIsVisible = 0;
			defaultConfigurationName = Release;
		};
		5D949C8329ECB53200CACEA0 /* Build configuration list for PBXNativeTarget "GeekGenius" */ = {
			isa = XCConfigurationList;
			buildConfigurations = (
				5D949C8429ECB53200CACEA0 /* Debug */,
				5D949C8529ECB53200CACEA0 /* Release */,
			);
			defaultConfigurationIsVisible = 0;
			defaultConfigurationName = Release;
		};
		5DBBE5612AD10CA000B79E9B /* Build configuration list for PBXNativeTarget "NewVideoWidgetExtension" */ = {
			isa = XCConfigurationList;
			buildConfigurations = (
				5DBBE55F2AD10CA000B79E9B /* Debug */,
				5DBBE5602AD10CA000B79E9B /* Release */,
			);
			defaultConfigurationIsVisible = 0;
			defaultConfigurationName = Release;
		};
		EBDC6709708B47A558B6A605 /* Build configuration list for PBXNativeTarget "OneSignalNotificationServiceExtension" */ = {
			isa = XCConfigurationList;
			buildConfigurations = (
				94113CC29CCCB5763D2715DB /* Release */,
				3607366FF09C130935B7FB65 /* Debug */,
			);
			defaultConfigurationIsVisible = 0;
			defaultConfigurationName = Release;
		};
/* End XCConfigurationList section */

/* Begin XCRemoteSwiftPackageReference section */
		5D0042882AFEE53E00C6AE9D /* XCRemoteSwiftPackageReference "Chat" */ = {
			isa = XCRemoteSwiftPackageReference;
			repositoryURL = "https://github.com/Ogyeet10/Chat.git";
			requirement = {
				branch = main;
				kind = branch;
			};
		};
		5D0EFD282A2BC9E4001C1618 /* XCRemoteSwiftPackageReference "SwiftyStoreKit" */ = {
			isa = XCRemoteSwiftPackageReference;
			repositoryURL = "https://github.com/bizz84/SwiftyStoreKit.git";
			requirement = {
				kind = upToNextMajorVersion;
				minimumVersion = 0.16.4;
			};
		};
		5D124F4D2A06F5AA008EDB06 /* XCRemoteSwiftPackageReference "youtube-ios-player-helper" */ = {
			isa = XCRemoteSwiftPackageReference;
			repositoryURL = "https://github.com/youtube/youtube-ios-player-helper.git";
			requirement = {
				kind = upToNextMajorVersion;
				minimumVersion = 1.0.0;
			};
		};
		5D949C9629ECBFC500CACEA0 /* XCRemoteSwiftPackageReference "firebase-ios-sdk" */ = {
			isa = XCRemoteSwiftPackageReference;
			repositoryURL = "https://github.com/firebase/firebase-ios-sdk";
			requirement = {
				kind = upToNextMajorVersion;
				minimumVersion = 10.0.0;
			};
		};
		5DB291912A22EFFD004F50FB /* XCRemoteSwiftPackageReference "Reachability" */ = {
			isa = XCRemoteSwiftPackageReference;
			repositoryURL = "https://github.com/ashleymills/Reachability.swift";
			requirement = {
				kind = upToNextMajorVersion;
				minimumVersion = 5.1.0;
			};
		};
		5DBAD91C2B06EB4300DA0C32 /* XCRemoteSwiftPackageReference "keychain-swift" */ = {
			isa = XCRemoteSwiftPackageReference;
			repositoryURL = "https://github.com/evgenyneu/keychain-swift.git";
			requirement = {
				kind = upToNextMajorVersion;
				minimumVersion = 20.0.0;
			};
		};
		5DF6879E2AFC44CB00F67521 /* XCRemoteSwiftPackageReference "swiftui-cached-async-image" */ = {
			isa = XCRemoteSwiftPackageReference;
			repositoryURL = "https://github.com/lorenzofiamingo/swiftui-cached-async-image.git";
			requirement = {
				kind = upToNextMajorVersion;
				minimumVersion = 2.1.1;
			};
		};
		CAB5229FC65005D199393B86 /* XCRemoteSwiftPackageReference "OneSignal-XCFramework" */ = {
			isa = XCRemoteSwiftPackageReference;
			repositoryURL = "https://github.com/OneSignal/OneSignal-XCFramework.git";
			requirement = {
				kind = upToNextMajorVersion;
				minimumVersion = 3.4.3;
			};
		};
/* End XCRemoteSwiftPackageReference section */

/* Begin XCSwiftPackageProductDependency section */
		2A64E7BA4B8CF633EA4B5521 /* OneSignal */ = {
			isa = XCSwiftPackageProductDependency;
			productName = OneSignal;
		};
		5D0042892AFEE53E00C6AE9D /* ExyteChat */ = {
			isa = XCSwiftPackageProductDependency;
			package = 5D0042882AFEE53E00C6AE9D /* XCRemoteSwiftPackageReference "Chat" */;
			productName = ExyteChat;
		};
		5D0EFD292A2BC9E5001C1618 /* SwiftyStoreKit */ = {
			isa = XCSwiftPackageProductDependency;
			package = 5D0EFD282A2BC9E4001C1618 /* XCRemoteSwiftPackageReference "SwiftyStoreKit" */;
			productName = SwiftyStoreKit;
		};
		5D117EF929F1F92A00812526 /* FirebaseFirestore */ = {
			isa = XCSwiftPackageProductDependency;
			package = 5D949C9629ECBFC500CACEA0 /* XCRemoteSwiftPackageReference "firebase-ios-sdk" */;
			productName = FirebaseFirestore;
		};
		5D124F4E2A06F5AA008EDB06 /* YouTubeiOSPlayerHelper */ = {
			isa = XCSwiftPackageProductDependency;
			package = 5D124F4D2A06F5AA008EDB06 /* XCRemoteSwiftPackageReference "youtube-ios-player-helper" */;
			productName = YouTubeiOSPlayerHelper;
		};
		5D4FC23B2A42A07D00807F7F /* FirebaseFirestore */ = {
			isa = XCSwiftPackageProductDependency;
			package = 5D949C9629ECBFC500CACEA0 /* XCRemoteSwiftPackageReference "firebase-ios-sdk" */;
			productName = FirebaseFirestore;
		};
		5D56B78A2A4BEEAD00637765 /* FirebaseMessaging */ = {
			isa = XCSwiftPackageProductDependency;
			package = 5D949C9629ECBFC500CACEA0 /* XCRemoteSwiftPackageReference "firebase-ios-sdk" */;
			productName = FirebaseMessaging;
		};
		5D949C9729ECBFC500CACEA0 /* FirebaseAuth */ = {
			isa = XCSwiftPackageProductDependency;
			package = 5D949C9629ECBFC500CACEA0 /* XCRemoteSwiftPackageReference "firebase-ios-sdk" */;
			productName = FirebaseAuth;
		};
		5D949CAA29EF906800CACEA0 /* FirebaseFirestoreSwift */ = {
			isa = XCSwiftPackageProductDependency;
			package = 5D949C9629ECBFC500CACEA0 /* XCRemoteSwiftPackageReference "firebase-ios-sdk" */;
			productName = FirebaseFirestoreSwift;
		};
		5DA5069529F4F81D00A00B99 /* FirebaseStorage */ = {
			isa = XCSwiftPackageProductDependency;
			package = 5D949C9629ECBFC500CACEA0 /* XCRemoteSwiftPackageReference "firebase-ios-sdk" */;
			productName = FirebaseStorage;
		};
		5DB291922A22EFFE004F50FB /* Reachability */ = {
			isa = XCSwiftPackageProductDependency;
			package = 5DB291912A22EFFD004F50FB /* XCRemoteSwiftPackageReference "Reachability" */;
			productName = Reachability;
		};
		5DBAD91D2B06EB4300DA0C32 /* KeychainSwift */ = {
			isa = XCSwiftPackageProductDependency;
			package = 5DBAD91C2B06EB4300DA0C32 /* XCRemoteSwiftPackageReference "keychain-swift" */;
			productName = KeychainSwift;
		};
		5DBBE5622AD10F8E00B79E9B /* FirebaseFirestore */ = {
			isa = XCSwiftPackageProductDependency;
			package = 5D949C9629ECBFC500CACEA0 /* XCRemoteSwiftPackageReference "firebase-ios-sdk" */;
			productName = FirebaseFirestore;
		};
		5DDDDE152A611C0200C766A3 /* FirebaseAnalytics */ = {
			isa = XCSwiftPackageProductDependency;
			package = 5D949C9629ECBFC500CACEA0 /* XCRemoteSwiftPackageReference "firebase-ios-sdk" */;
			productName = FirebaseAnalytics;
		};
		5DDDDE192A611C0200C766A3 /* FirebaseAnalyticsSwift */ = {
			isa = XCSwiftPackageProductDependency;
			package = 5D949C9629ECBFC500CACEA0 /* XCRemoteSwiftPackageReference "firebase-ios-sdk" */;
			productName = FirebaseAnalyticsSwift;
		};
		5DF6879F2AFC44CB00F67521 /* CachedAsyncImage */ = {
			isa = XCSwiftPackageProductDependency;
			package = 5DF6879E2AFC44CB00F67521 /* XCRemoteSwiftPackageReference "swiftui-cached-async-image" */;
			productName = CachedAsyncImage;
		};
/* End XCSwiftPackageProductDependency section */
	};
	rootObject = 5D949C6D29ECB52B00CACEA0 /* Project object */;
}
